// !$*UTF8*$!
{
	archiveVersion = 1;
	classes = {
	};
	objectVersion = 46;
	objects = {

/* Begin PBXBuildFile section */
		174973596201DFF8D5A48CEB /* GeoStatusApiTest.swift in Sources */ = {isa = PBXBuildFile; fileRef = A66FEF03D158CC68571E9CD4 /* GeoStatusApiTest.swift */; };
		1B6C14C986A747B0352D5020 /* RouteSchedulesApiTest.swift in Sources */ = {isa = PBXBuildFile; fileRef = 4616F2196432FC6E777FA818 /* RouteSchedulesApiTest.swift */; };
		24B8554AA1D66E2E8288632A /* LineGroupsApiTest.swift in Sources */ = {isa = PBXBuildFile; fileRef = 5B7EB38C5876214DD23B5AD4 /* LineGroupsApiTest.swift */; };
		25B3A2D500D55FB4FCDA43CB /* PlacesApiTest.swift in Sources */ = {isa = PBXBuildFile; fileRef = 3629D85C54636951C40E22D6 /* PlacesApiTest.swift */; };
		2F3DFA4CF47D42BA787FC6AD /* CoordsApiTest.swift in Sources */ = {isa = PBXBuildFile; fileRef = A37519CFD1BE19CF2B3408D3 /* CoordsApiTest.swift */; };
		34453F5463D9F72D23C707E8 /* CompaniesApiTest.swift in Sources */ = {isa = PBXBuildFile; fileRef = F9B8A15A73B721E2D48A05A0 /* CompaniesApiTest.swift */; };
		349076EC55926A65A1D63D02 /* PoisApiTest.swift in Sources */ = {isa = PBXBuildFile; fileRef = C116F63195C3FE984E9CC5CC /* PoisApiTest.swift */; };
		398B2F3688AEB53DA2A92741 /* JourneyPatternPointsApiTest.swift in Sources */ = {isa = PBXBuildFile; fileRef = EAC9C91B3C74D92626D1DF56 /* JourneyPatternPointsApiTest.swift */; };
		3F52E5CF3218D846AD7394A4 /* StopAreasApiTest.swift in Sources */ = {isa = PBXBuildFile; fileRef = C177BE03E1C7CDCFBD1D9B76 /* StopAreasApiTest.swift */; };
		3F694098D1CEDE7C06EEFDB8 /* DatasetsApiTest.swift in Sources */ = {isa = PBXBuildFile; fileRef = 37C1456113E957056E1EAE3E /* DatasetsApiTest.swift */; };
		4952CE89FDCF39031985B2F8 /* PlaceUriApiTest.swift in Sources */ = {isa = PBXBuildFile; fileRef = 55F4BA6F844EE45994E3FCCD /* PlaceUriApiTest.swift */; };
		5385F46C9ABDABA872F7C917 /* JourneyPatternsApiTest.swift in Sources */ = {isa = PBXBuildFile; fileRef = D892380C4F953D6D39272A83 /* JourneyPatternsApiTest.swift */; };
		55F2523248C4DA71632BDF90 /* CalendarsApiTest.swift in Sources */ = {isa = PBXBuildFile; fileRef = 63EB692A3F4E6498A31603FF /* CalendarsApiTest.swift */; };
		57BF4072024569FE0B689BCF /* CoordApiTest.swift in Sources */ = {isa = PBXBuildFile; fileRef = FC88E3DF356C5A17F5A47426 /* CoordApiTest.swift */; };
		5ACC4FCD43B4801FFFBAC928 /* LineReportsApiTest.swift in Sources */ = {isa = PBXBuildFile; fileRef = EDE4287F647AC88439880BB0 /* LineReportsApiTest.swift */; };
		5B3DE0C83EDFEC3F7FF123C1 /* DisruptionsApiTest.swift in Sources */ = {isa = PBXBuildFile; fileRef = 009A63AC3F0E8FB156FB7C5E /* DisruptionsApiTest.swift */; };
		5E2B39699132E33C8521E1C8 /* ContributorsApiTest.swift in Sources */ = {isa = PBXBuildFile; fileRef = 46089676FA388C712AF8A0FE /* ContributorsApiTest.swift */; };
		5F7FE3AF1236A7805F87B7BA /* PhysicalModesApiTest.swift in Sources */ = {isa = PBXBuildFile; fileRef = 5BF5290D9C76D21D52CD1337 /* PhysicalModesApiTest.swift */; };
		68603ACE34A6A80503BAEBCB /* LinesApiTest.swift in Sources */ = {isa = PBXBuildFile; fileRef = D7639F680155192AAC7A84CE /* LinesApiTest.swift */; };
		6E03C56C0ED7BCA52E33CFF8 /* AddressesApiTest.swift in Sources */ = {isa = PBXBuildFile; fileRef = DC1ED8F0822FAAC808CA3B05 /* AddressesApiTest.swift */; };
		79D2E1E80E7CD33DAFC1C050 /* NextArrivalsApiTest.swift in Sources */ = {isa = PBXBuildFile; fileRef = EA4402724C42C62F272A8C14 /* NextArrivalsApiTest.swift */; };
		7CED2A39837BD94E6E69854C /* JourneysApiTest.swift in Sources */ = {isa = PBXBuildFile; fileRef = 8DFA508ECB0E908DA7AAB1D1 /* JourneysApiTest.swift */; };
		869A2A535B87E10F1C1C39FB /* HeatMapApiTest.swift in Sources */ = {isa = PBXBuildFile; fileRef = AE1BF724E04947070343171E /* HeatMapApiTest.swift */; };
		8DFFD6B3DF4289E909D0020B /* StopPointsApiTest.swift in Sources */ = {isa = PBXBuildFile; fileRef = EA1D222543228B9CAE8277AE /* StopPointsApiTest.swift */; };
		8E57BBE92B09584C4599C94D /* NetworksApiTest.swift in Sources */ = {isa = PBXBuildFile; fileRef = 87D4E31C2E2A50ABD140E36E /* NetworksApiTest.swift */; };
		952A00F08916C099E51C40DC /* NextDeparturesApiTest.swift in Sources */ = {isa = PBXBuildFile; fileRef = 6C163F7237DAAA2858EAD6E6 /* NextDeparturesApiTest.swift */; };
		97954CFDB1F7D2991DE6C710 /* VehicleJourneysApiTest.swift in Sources */ = {isa = PBXBuildFile; fileRef = 45F63EA4F1289CA80D1055ED /* VehicleJourneysApiTest.swift */; };
		AAD717932A2CE098E25FA680 /* TripsApiTest.swift in Sources */ = {isa = PBXBuildFile; fileRef = ECA1476E3687CF411E1A0CCC /* TripsApiTest.swift */; };
		ACB683220980AABE2886870E /* RoutesApiTest.swift in Sources */ = {isa = PBXBuildFile; fileRef = 84F2C12BCA35D6785D28FE3F /* RoutesApiTest.swift */; };
		BA969E99E63236151A562218 /* PlacesNearbyApiTest.swift in Sources */ = {isa = PBXBuildFile; fileRef = 3F6CBC4417E294F15DE8ECCC /* PlacesNearbyApiTest.swift */; };
		C07DB62AE03A6D1485DAA809 /* CommercialModesApiTest.swift in Sources */ = {isa = PBXBuildFile; fileRef = 939E82E539CF0692BAD066A8 /* CommercialModesApiTest.swift */; };
		C8CE182A8E5C315F8C6F158D /* CoverageApiTest.swift in Sources */ = {isa = PBXBuildFile; fileRef = C739245264EEB373A2490B75 /* CoverageApiTest.swift */; };
		CF6BEEE4F5910E5AF8B6CE3B /* GraphicalIsochroneApiTest.swift in Sources */ = {isa = PBXBuildFile; fileRef = 62CCFBAC5A5A143B38064019 /* GraphicalIsochroneApiTest.swift */; };
		D677A3DAA3361D496D9D180E /* TrafficReportApiTest.swift in Sources */ = {isa = PBXBuildFile; fileRef = 05E1F55659051C31EAF5B1C7 /* TrafficReportApiTest.swift */; };
		E2D520B28783962A48E03F23 /* StopSchedulesApiTest.swift in Sources */ = {isa = PBXBuildFile; fileRef = D4C00019A066A6D2AC20CE32 /* StopSchedulesApiTest.swift */; };
		EEEEDA982C1AA7F1865A84BC /* PtobjectsApiTest.swift in Sources */ = {isa = PBXBuildFile; fileRef = FB006F640CFE9D2DA3A53CCA /* PtobjectsApiTest.swift */; };
		F6D5BAFF3ADC4DF891285FF4 /* PoiTypesApiTest.swift in Sources */ = {isa = PBXBuildFile; fileRef = 7C2374588F46B7B9B42651C9 /* PoiTypesApiTest.swift */; };
		FEECE3CB1F2F897F001B941B /* AppDelegate.swift in Sources */ = {isa = PBXBuildFile; fileRef = FEECE3CA1F2F897F001B941B /* AppDelegate.swift */; };
		FEECE3CD1F2F897F001B941B /* ViewController.swift in Sources */ = {isa = PBXBuildFile; fileRef = FEECE3CC1F2F897F001B941B /* ViewController.swift */; };
		FEECE3D01F2F897F001B941B /* Main.storyboard in Resources */ = {isa = PBXBuildFile; fileRef = FEECE3CE1F2F897F001B941B /* Main.storyboard */; };
		FEECE3D21F2F897F001B941B /* Assets.xcassets in Resources */ = {isa = PBXBuildFile; fileRef = FEECE3D11F2F897F001B941B /* Assets.xcassets */; };
		FEECE3D51F2F897F001B941B /* LaunchScreen.storyboard in Resources */ = {isa = PBXBuildFile; fileRef = FEECE3D31F2F897F001B941B /* LaunchScreen.storyboard */; };
/* End PBXBuildFile section */

/* Begin PBXContainerItemProxy section */
		FEECE3DC1F2F8980001B941B /* PBXContainerItemProxy */ = {
			isa = PBXContainerItemProxy;
			containerPortal = FEECE3BF1F2F897F001B941B /* Project object */;
			proxyType = 1;
			remoteGlobalIDString = FEECE3C61F2F897F001B941B;
			remoteInfo = Factory;
		};
/* End PBXContainerItemProxy section */

/* Begin PBXFileReference section */
		009A63AC3F0E8FB156FB7C5E /* DisruptionsApiTest.swift */ = {isa = PBXFileReference; includeInIndex = 1; lastKnownFileType = sourcecode.swift; name = DisruptionsApiTest.swift; path = Apis/DisruptionsApiTest.swift; sourceTree = "<group>"; };
		05E1F55659051C31EAF5B1C7 /* TrafficReportApiTest.swift */ = {isa = PBXFileReference; includeInIndex = 1; lastKnownFileType = sourcecode.swift; name = TrafficReportApiTest.swift; path = Apis/TrafficReportApiTest.swift; sourceTree = "<group>"; };
		3629D85C54636951C40E22D6 /* PlacesApiTest.swift */ = {isa = PBXFileReference; includeInIndex = 1; lastKnownFileType = sourcecode.swift; name = PlacesApiTest.swift; path = Apis/PlacesApiTest.swift; sourceTree = "<group>"; };
		37C1456113E957056E1EAE3E /* DatasetsApiTest.swift */ = {isa = PBXFileReference; includeInIndex = 1; lastKnownFileType = sourcecode.swift; name = DatasetsApiTest.swift; path = Apis/DatasetsApiTest.swift; sourceTree = "<group>"; };
		3F6CBC4417E294F15DE8ECCC /* PlacesNearbyApiTest.swift */ = {isa = PBXFileReference; includeInIndex = 1; lastKnownFileType = sourcecode.swift; name = PlacesNearbyApiTest.swift; path = Apis/PlacesNearbyApiTest.swift; sourceTree = "<group>"; };
		45F63EA4F1289CA80D1055ED /* VehicleJourneysApiTest.swift */ = {isa = PBXFileReference; includeInIndex = 1; lastKnownFileType = sourcecode.swift; name = VehicleJourneysApiTest.swift; path = Apis/VehicleJourneysApiTest.swift; sourceTree = "<group>"; };
		46089676FA388C712AF8A0FE /* ContributorsApiTest.swift */ = {isa = PBXFileReference; includeInIndex = 1; lastKnownFileType = sourcecode.swift; name = ContributorsApiTest.swift; path = Apis/ContributorsApiTest.swift; sourceTree = "<group>"; };
		4616F2196432FC6E777FA818 /* RouteSchedulesApiTest.swift */ = {isa = PBXFileReference; includeInIndex = 1; lastKnownFileType = sourcecode.swift; name = RouteSchedulesApiTest.swift; path = Apis/RouteSchedulesApiTest.swift; sourceTree = "<group>"; };
		55F4BA6F844EE45994E3FCCD /* PlaceUriApiTest.swift */ = {isa = PBXFileReference; includeInIndex = 1; lastKnownFileType = sourcecode.swift; name = PlaceUriApiTest.swift; path = Apis/PlaceUriApiTest.swift; sourceTree = "<group>"; };
		5B7EB38C5876214DD23B5AD4 /* LineGroupsApiTest.swift */ = {isa = PBXFileReference; includeInIndex = 1; lastKnownFileType = sourcecode.swift; name = LineGroupsApiTest.swift; path = Apis/LineGroupsApiTest.swift; sourceTree = "<group>"; };
		5BF5290D9C76D21D52CD1337 /* PhysicalModesApiTest.swift */ = {isa = PBXFileReference; includeInIndex = 1; lastKnownFileType = sourcecode.swift; name = PhysicalModesApiTest.swift; path = Apis/PhysicalModesApiTest.swift; sourceTree = "<group>"; };
		62CCFBAC5A5A143B38064019 /* GraphicalIsochroneApiTest.swift */ = {isa = PBXFileReference; includeInIndex = 1; lastKnownFileType = sourcecode.swift; name = GraphicalIsochroneApiTest.swift; path = Apis/GraphicalIsochroneApiTest.swift; sourceTree = "<group>"; };
		63EB692A3F4E6498A31603FF /* CalendarsApiTest.swift */ = {isa = PBXFileReference; includeInIndex = 1; lastKnownFileType = sourcecode.swift; name = CalendarsApiTest.swift; path = Apis/CalendarsApiTest.swift; sourceTree = "<group>"; };
		6C163F7237DAAA2858EAD6E6 /* NextDeparturesApiTest.swift */ = {isa = PBXFileReference; includeInIndex = 1; lastKnownFileType = sourcecode.swift; name = NextDeparturesApiTest.swift; path = Apis/NextDeparturesApiTest.swift; sourceTree = "<group>"; };
		7C2374588F46B7B9B42651C9 /* PoiTypesApiTest.swift */ = {isa = PBXFileReference; includeInIndex = 1; lastKnownFileType = sourcecode.swift; name = PoiTypesApiTest.swift; path = Apis/PoiTypesApiTest.swift; sourceTree = "<group>"; };
		84F2C12BCA35D6785D28FE3F /* RoutesApiTest.swift */ = {isa = PBXFileReference; includeInIndex = 1; lastKnownFileType = sourcecode.swift; name = RoutesApiTest.swift; path = Apis/RoutesApiTest.swift; sourceTree = "<group>"; };
		87D4E31C2E2A50ABD140E36E /* NetworksApiTest.swift */ = {isa = PBXFileReference; includeInIndex = 1; lastKnownFileType = sourcecode.swift; name = NetworksApiTest.swift; path = Apis/NetworksApiTest.swift; sourceTree = "<group>"; };
		8DFA508ECB0E908DA7AAB1D1 /* JourneysApiTest.swift */ = {isa = PBXFileReference; includeInIndex = 1; lastKnownFileType = sourcecode.swift; name = JourneysApiTest.swift; path = Apis/JourneysApiTest.swift; sourceTree = "<group>"; };
		939E82E539CF0692BAD066A8 /* CommercialModesApiTest.swift */ = {isa = PBXFileReference; includeInIndex = 1; lastKnownFileType = sourcecode.swift; name = CommercialModesApiTest.swift; path = Apis/CommercialModesApiTest.swift; sourceTree = "<group>"; };
		A37519CFD1BE19CF2B3408D3 /* CoordsApiTest.swift */ = {isa = PBXFileReference; includeInIndex = 1; lastKnownFileType = sourcecode.swift; name = CoordsApiTest.swift; path = Apis/CoordsApiTest.swift; sourceTree = "<group>"; };
		A66FEF03D158CC68571E9CD4 /* GeoStatusApiTest.swift */ = {isa = PBXFileReference; includeInIndex = 1; lastKnownFileType = sourcecode.swift; name = GeoStatusApiTest.swift; path = Apis/GeoStatusApiTest.swift; sourceTree = "<group>"; };
		AE1BF724E04947070343171E /* HeatMapApiTest.swift */ = {isa = PBXFileReference; includeInIndex = 1; lastKnownFileType = sourcecode.swift; name = HeatMapApiTest.swift; path = Apis/HeatMapApiTest.swift; sourceTree = "<group>"; };
		C116F63195C3FE984E9CC5CC /* PoisApiTest.swift */ = {isa = PBXFileReference; includeInIndex = 1; lastKnownFileType = sourcecode.swift; name = PoisApiTest.swift; path = Apis/PoisApiTest.swift; sourceTree = "<group>"; };
		C177BE03E1C7CDCFBD1D9B76 /* StopAreasApiTest.swift */ = {isa = PBXFileReference; includeInIndex = 1; lastKnownFileType = sourcecode.swift; name = StopAreasApiTest.swift; path = Apis/StopAreasApiTest.swift; sourceTree = "<group>"; };
		C739245264EEB373A2490B75 /* CoverageApiTest.swift */ = {isa = PBXFileReference; includeInIndex = 1; lastKnownFileType = sourcecode.swift; name = CoverageApiTest.swift; path = Apis/CoverageApiTest.swift; sourceTree = "<group>"; };
		D4C00019A066A6D2AC20CE32 /* StopSchedulesApiTest.swift */ = {isa = PBXFileReference; includeInIndex = 1; lastKnownFileType = sourcecode.swift; name = StopSchedulesApiTest.swift; path = Apis/StopSchedulesApiTest.swift; sourceTree = "<group>"; };
		D7639F680155192AAC7A84CE /* LinesApiTest.swift */ = {isa = PBXFileReference; includeInIndex = 1; lastKnownFileType = sourcecode.swift; name = LinesApiTest.swift; path = Apis/LinesApiTest.swift; sourceTree = "<group>"; };
		D892380C4F953D6D39272A83 /* JourneyPatternsApiTest.swift */ = {isa = PBXFileReference; includeInIndex = 1; lastKnownFileType = sourcecode.swift; name = JourneyPatternsApiTest.swift; path = Apis/JourneyPatternsApiTest.swift; sourceTree = "<group>"; };
		DC1ED8F0822FAAC808CA3B05 /* AddressesApiTest.swift */ = {isa = PBXFileReference; includeInIndex = 1; lastKnownFileType = sourcecode.swift; name = AddressesApiTest.swift; path = Apis/AddressesApiTest.swift; sourceTree = "<group>"; };
		EA1D222543228B9CAE8277AE /* StopPointsApiTest.swift */ = {isa = PBXFileReference; includeInIndex = 1; lastKnownFileType = sourcecode.swift; name = StopPointsApiTest.swift; path = Apis/StopPointsApiTest.swift; sourceTree = "<group>"; };
		EA4402724C42C62F272A8C14 /* NextArrivalsApiTest.swift */ = {isa = PBXFileReference; includeInIndex = 1; lastKnownFileType = sourcecode.swift; name = NextArrivalsApiTest.swift; path = Apis/NextArrivalsApiTest.swift; sourceTree = "<group>"; };
		EAC9C91B3C74D92626D1DF56 /* JourneyPatternPointsApiTest.swift */ = {isa = PBXFileReference; includeInIndex = 1; lastKnownFileType = sourcecode.swift; name = JourneyPatternPointsApiTest.swift; path = Apis/JourneyPatternPointsApiTest.swift; sourceTree = "<group>"; };
		ECA1476E3687CF411E1A0CCC /* TripsApiTest.swift */ = {isa = PBXFileReference; includeInIndex = 1; lastKnownFileType = sourcecode.swift; name = TripsApiTest.swift; path = Apis/TripsApiTest.swift; sourceTree = "<group>"; };
		EDE4287F647AC88439880BB0 /* LineReportsApiTest.swift */ = {isa = PBXFileReference; includeInIndex = 1; lastKnownFileType = sourcecode.swift; name = LineReportsApiTest.swift; path = Apis/LineReportsApiTest.swift; sourceTree = "<group>"; };
		F9B8A15A73B721E2D48A05A0 /* CompaniesApiTest.swift */ = {isa = PBXFileReference; includeInIndex = 1; lastKnownFileType = sourcecode.swift; name = CompaniesApiTest.swift; path = Apis/CompaniesApiTest.swift; sourceTree = "<group>"; };
		FB006F640CFE9D2DA3A53CCA /* PtobjectsApiTest.swift */ = {isa = PBXFileReference; includeInIndex = 1; lastKnownFileType = sourcecode.swift; name = PtobjectsApiTest.swift; path = Apis/PtobjectsApiTest.swift; sourceTree = "<group>"; };
		FC88E3DF356C5A17F5A47426 /* CoordApiTest.swift */ = {isa = PBXFileReference; includeInIndex = 1; lastKnownFileType = sourcecode.swift; name = CoordApiTest.swift; path = Apis/CoordApiTest.swift; sourceTree = "<group>"; };
		FEECE3C71F2F897F001B941B /* Factory.app */ = {isa = PBXFileReference; explicitFileType = wrapper.application; includeInIndex = 0; path = Factory.app; sourceTree = BUILT_PRODUCTS_DIR; };
		FEECE3CA1F2F897F001B941B /* AppDelegate.swift */ = {isa = PBXFileReference; lastKnownFileType = sourcecode.swift; path = AppDelegate.swift; sourceTree = "<group>"; };
		FEECE3CC1F2F897F001B941B /* ViewController.swift */ = {isa = PBXFileReference; lastKnownFileType = sourcecode.swift; path = ViewController.swift; sourceTree = "<group>"; };
		FEECE3CF1F2F897F001B941B /* Base */ = {isa = PBXFileReference; lastKnownFileType = file.storyboard; name = Base; path = Base.lproj/Main.storyboard; sourceTree = "<group>"; };
		FEECE3D11F2F897F001B941B /* Assets.xcassets */ = {isa = PBXFileReference; lastKnownFileType = folder.assetcatalog; path = Assets.xcassets; sourceTree = "<group>"; };
		FEECE3D41F2F897F001B941B /* Base */ = {isa = PBXFileReference; lastKnownFileType = file.storyboard; name = Base; path = Base.lproj/LaunchScreen.storyboard; sourceTree = "<group>"; };
		FEECE3D61F2F897F001B941B /* Info.plist */ = {isa = PBXFileReference; lastKnownFileType = text.plist.xml; path = Info.plist; sourceTree = "<group>"; };
		FEECE3DB1F2F8980001B941B /* FactoryTests.xctest */ = {isa = PBXFileReference; explicitFileType = wrapper.cfbundle; includeInIndex = 0; path = FactoryTests.xctest; sourceTree = BUILT_PRODUCTS_DIR; };
		FEECE3E11F2F8980001B941B /* Info.plist */ = {isa = PBXFileReference; lastKnownFileType = text.plist.info; path = Info.plist; sourceTree = "<group>"; };
/* End PBXFileReference section */

/* Begin PBXFrameworksBuildPhase section */
		FEECE3C41F2F897F001B941B /* Frameworks */ = {
			isa = PBXFrameworksBuildPhase;
			buildActionMask = 2147483647;
			files = (
			);
			runOnlyForDeploymentPostprocessing = 0;
		};
		FEECE3D81F2F8980001B941B /* Frameworks */ = {
			isa = PBXFrameworksBuildPhase;
			buildActionMask = 2147483647;
			files = (
			);
			runOnlyForDeploymentPostprocessing = 0;
		};
/* End PBXFrameworksBuildPhase section */

/* Begin PBXGroup section */
		FEECE3BE1F2F897F001B941B = {
			isa = PBXGroup;
			children = (
				FEECE3C91F2F897F001B941B /* Factory */,
				FEECE3DE1F2F8980001B941B /* FactoryTests */,
				FEECE3C81F2F897F001B941B /* Products */,
			);
			sourceTree = "<group>";
		};
		FEECE3C81F2F897F001B941B /* Products */ = {
			isa = PBXGroup;
			children = (
				FEECE3C71F2F897F001B941B /* Factory.app */,
				FEECE3DB1F2F8980001B941B /* FactoryTests.xctest */,
			);
			name = Products;
			sourceTree = "<group>";
		};
		FEECE3C91F2F897F001B941B /* Factory */ = {
			isa = PBXGroup;
			children = (
				FEECE3CA1F2F897F001B941B /* AppDelegate.swift */,
				FEECE3CC1F2F897F001B941B /* ViewController.swift */,
				FEECE3CE1F2F897F001B941B /* Main.storyboard */,
				FEECE3D11F2F897F001B941B /* Assets.xcassets */,
				FEECE3D31F2F897F001B941B /* LaunchScreen.storyboard */,
				FEECE3D61F2F897F001B941B /* Info.plist */,
			);
			path = Factory;
			sourceTree = "<group>";
		};
		FEECE3DE1F2F8980001B941B /* FactoryTests */ = {
			isa = PBXGroup;
			children = (
				FEECE3E11F2F8980001B941B /* Info.plist */,
				EA4402724C42C62F272A8C14 /* NextArrivalsApiTest.swift */,
				8DFA508ECB0E908DA7AAB1D1 /* JourneysApiTest.swift */,
				87D4E31C2E2A50ABD140E36E /* NetworksApiTest.swift */,
				05E1F55659051C31EAF5B1C7 /* TrafficReportApiTest.swift */,
				4616F2196432FC6E777FA818 /* RouteSchedulesApiTest.swift */,
				45F63EA4F1289CA80D1055ED /* VehicleJourneysApiTest.swift */,
				D4C00019A066A6D2AC20CE32 /* StopSchedulesApiTest.swift */,
				5B7EB38C5876214DD23B5AD4 /* LineGroupsApiTest.swift */,
				EDE4287F647AC88439880BB0 /* LineReportsApiTest.swift */,
				DC1ED8F0822FAAC808CA3B05 /* AddressesApiTest.swift */,
				A66FEF03D158CC68571E9CD4 /* GeoStatusApiTest.swift */,
				C177BE03E1C7CDCFBD1D9B76 /* StopAreasApiTest.swift */,
				ECA1476E3687CF411E1A0CCC /* TripsApiTest.swift */,
				D892380C4F953D6D39272A83 /* JourneyPatternsApiTest.swift */,
				84F2C12BCA35D6785D28FE3F /* RoutesApiTest.swift */,
				FB006F640CFE9D2DA3A53CCA /* PtobjectsApiTest.swift */,
				F9B8A15A73B721E2D48A05A0 /* CompaniesApiTest.swift */,
				63EB692A3F4E6498A31603FF /* CalendarsApiTest.swift */,
				5BF5290D9C76D21D52CD1337 /* PhysicalModesApiTest.swift */,
				62CCFBAC5A5A143B38064019 /* GraphicalIsochroneApiTest.swift */,
				3F6CBC4417E294F15DE8ECCC /* PlacesNearbyApiTest.swift */,
				3629D85C54636951C40E22D6 /* PlacesApiTest.swift */,
				A37519CFD1BE19CF2B3408D3 /* CoordsApiTest.swift */,
				C739245264EEB373A2490B75 /* CoverageApiTest.swift */,
				C116F63195C3FE984E9CC5CC /* PoisApiTest.swift */,
				55F4BA6F844EE45994E3FCCD /* PlaceUriApiTest.swift */,
				46089676FA388C712AF8A0FE /* ContributorsApiTest.swift */,
				D7639F680155192AAC7A84CE /* LinesApiTest.swift */,
				AE1BF724E04947070343171E /* HeatMapApiTest.swift */,
				FC88E3DF356C5A17F5A47426 /* CoordApiTest.swift */,
				EAC9C91B3C74D92626D1DF56 /* JourneyPatternPointsApiTest.swift */,
				009A63AC3F0E8FB156FB7C5E /* DisruptionsApiTest.swift */,
				939E82E539CF0692BAD066A8 /* CommercialModesApiTest.swift */,
				6C163F7237DAAA2858EAD6E6 /* NextDeparturesApiTest.swift */,
				7C2374588F46B7B9B42651C9 /* PoiTypesApiTest.swift */,
				37C1456113E957056E1EAE3E /* DatasetsApiTest.swift */,
				EA1D222543228B9CAE8277AE /* StopPointsApiTest.swift */,
			);
			path = FactoryTests;
			sourceTree = "<group>";
		};
/* End PBXGroup section */

/* Begin PBXNativeTarget section */
		FEECE3C61F2F897F001B941B /* Factory */ = {
			isa = PBXNativeTarget;
			buildConfigurationList = FEECE3EF1F2F8980001B941B /* Build configuration list for PBXNativeTarget "Factory" */;
			buildPhases = (
				FEECE3C31F2F897F001B941B /* Sources */,
				FEECE3C41F2F897F001B941B /* Frameworks */,
				FEECE3C51F2F897F001B941B /* Resources */,
			);
			buildRules = (
			);
			dependencies = (
			);
			name = Factory;
			productName = Factory;
			productReference = FEECE3C71F2F897F001B941B /* Factory.app */;
			productType = "com.apple.product-type.application";
		};
		FEECE3DA1F2F8980001B941B /* FactoryTests */ = {
			isa = PBXNativeTarget;
			buildConfigurationList = FEECE3F21F2F8980001B941B /* Build configuration list for PBXNativeTarget "FactoryTests" */;
			buildPhases = (
				FEECE3D71F2F8980001B941B /* Sources */,
				FEECE3D81F2F8980001B941B /* Frameworks */,
				FEECE3D91F2F8980001B941B /* Resources */,
			);
			buildRules = (
			);
			dependencies = (
				FEECE3DD1F2F8980001B941B /* PBXTargetDependency */,
			);
			name = FactoryTests;
			productName = FactoryTests;
			productReference = FEECE3DB1F2F8980001B941B /* FactoryTests.xctest */;
			productType = "com.apple.product-type.bundle.unit-test";
		};
/* End PBXNativeTarget section */

/* Begin PBXProject section */
		FEECE3BF1F2F897F001B941B /* Project object */ = {
			isa = PBXProject;
			attributes = {
				LastSwiftUpdateCheck = 0830;
				LastUpgradeCheck = 0830;
				ORGANIZATIONNAME = "Kisio Digital";
				TargetAttributes = {
					FEECE3C61F2F897F001B941B = {
						CreatedOnToolsVersion = 8.3.2;
						DevelopmentTeam = AK7DPF549M;
						ProvisioningStyle = Automatic;
					};
					FEECE3DA1F2F8980001B941B = {
						CreatedOnToolsVersion = 8.3.2;
						DevelopmentTeam = AK7DPF549M;
						ProvisioningStyle = Automatic;
						TestTargetID = FEECE3C61F2F897F001B941B;
					};
				};
			};
			buildConfigurationList = FEECE3C21F2F897F001B941B /* Build configuration list for PBXProject "Factory" */;
			compatibilityVersion = "Xcode 3.2";
			developmentRegion = English;
			hasScannedForEncodings = 0;
			knownRegions = (
				en,
				Base,
			);
			mainGroup = FEECE3BE1F2F897F001B941B;
			productRefGroup = FEECE3C81F2F897F001B941B /* Products */;
			projectDirPath = "";
			projectRoot = "";
			targets = (
				FEECE3C61F2F897F001B941B /* Factory */,
				FEECE3DA1F2F8980001B941B /* FactoryTests */,
			);
		};
/* End PBXProject section */

/* Begin PBXResourcesBuildPhase section */
		FEECE3C51F2F897F001B941B /* Resources */ = {
			isa = PBXResourcesBuildPhase;
			buildActionMask = 2147483647;
			files = (
				FEECE3D51F2F897F001B941B /* LaunchScreen.storyboard in Resources */,
				FEECE3D21F2F897F001B941B /* Assets.xcassets in Resources */,
				FEECE3D01F2F897F001B941B /* Main.storyboard in Resources */,
			);
			runOnlyForDeploymentPostprocessing = 0;
		};
		FEECE3D91F2F8980001B941B /* Resources */ = {
			isa = PBXResourcesBuildPhase;
			buildActionMask = 2147483647;
			files = (
			);
			runOnlyForDeploymentPostprocessing = 0;
		};
/* End PBXResourcesBuildPhase section */

/* Begin PBXSourcesBuildPhase section */
		FEECE3C31F2F897F001B941B /* Sources */ = {
			isa = PBXSourcesBuildPhase;
			buildActionMask = 2147483647;
			files = (
				FEECE3CD1F2F897F001B941B /* ViewController.swift in Sources */,
				FEECE3CB1F2F897F001B941B /* AppDelegate.swift in Sources */,
			);
			runOnlyForDeploymentPostprocessing = 0;
		};
		FEECE3D71F2F8980001B941B /* Sources */ = {
			isa = PBXSourcesBuildPhase;
			buildActionMask = 2147483647;
			files = (
				79D2E1E80E7CD33DAFC1C050 /* NextArrivalsApiTest.swift in Sources */,
				7CED2A39837BD94E6E69854C /* JourneysApiTest.swift in Sources */,
				8E57BBE92B09584C4599C94D /* NetworksApiTest.swift in Sources */,
				D677A3DAA3361D496D9D180E /* TrafficReportApiTest.swift in Sources */,
				1B6C14C986A747B0352D5020 /* RouteSchedulesApiTest.swift in Sources */,
				97954CFDB1F7D2991DE6C710 /* VehicleJourneysApiTest.swift in Sources */,
				E2D520B28783962A48E03F23 /* StopSchedulesApiTest.swift in Sources */,
				24B8554AA1D66E2E8288632A /* LineGroupsApiTest.swift in Sources */,
				5ACC4FCD43B4801FFFBAC928 /* LineReportsApiTest.swift in Sources */,
				6E03C56C0ED7BCA52E33CFF8 /* AddressesApiTest.swift in Sources */,
				174973596201DFF8D5A48CEB /* GeoStatusApiTest.swift in Sources */,
				3F52E5CF3218D846AD7394A4 /* StopAreasApiTest.swift in Sources */,
				AAD717932A2CE098E25FA680 /* TripsApiTest.swift in Sources */,
				5385F46C9ABDABA872F7C917 /* JourneyPatternsApiTest.swift in Sources */,
				ACB683220980AABE2886870E /* RoutesApiTest.swift in Sources */,
				EEEEDA982C1AA7F1865A84BC /* PtobjectsApiTest.swift in Sources */,
				34453F5463D9F72D23C707E8 /* CompaniesApiTest.swift in Sources */,
				55F2523248C4DA71632BDF90 /* CalendarsApiTest.swift in Sources */,
				5F7FE3AF1236A7805F87B7BA /* PhysicalModesApiTest.swift in Sources */,
				CF6BEEE4F5910E5AF8B6CE3B /* GraphicalIsochroneApiTest.swift in Sources */,
				BA969E99E63236151A562218 /* PlacesNearbyApiTest.swift in Sources */,
				25B3A2D500D55FB4FCDA43CB /* PlacesApiTest.swift in Sources */,
				2F3DFA4CF47D42BA787FC6AD /* CoordsApiTest.swift in Sources */,
				C8CE182A8E5C315F8C6F158D /* CoverageApiTest.swift in Sources */,
				349076EC55926A65A1D63D02 /* PoisApiTest.swift in Sources */,
				4952CE89FDCF39031985B2F8 /* PlaceUriApiTest.swift in Sources */,
				5E2B39699132E33C8521E1C8 /* ContributorsApiTest.swift in Sources */,
				68603ACE34A6A80503BAEBCB /* LinesApiTest.swift in Sources */,
				869A2A535B87E10F1C1C39FB /* HeatMapApiTest.swift in Sources */,
				57BF4072024569FE0B689BCF /* CoordApiTest.swift in Sources */,
				398B2F3688AEB53DA2A92741 /* JourneyPatternPointsApiTest.swift in Sources */,
				5B3DE0C83EDFEC3F7FF123C1 /* DisruptionsApiTest.swift in Sources */,
				C07DB62AE03A6D1485DAA809 /* CommercialModesApiTest.swift in Sources */,
				952A00F08916C099E51C40DC /* NextDeparturesApiTest.swift in Sources */,
				F6D5BAFF3ADC4DF891285FF4 /* PoiTypesApiTest.swift in Sources */,
				3F694098D1CEDE7C06EEFDB8 /* DatasetsApiTest.swift in Sources */,
				8DFFD6B3DF4289E909D0020B /* StopPointsApiTest.swift in Sources */,
			);
			runOnlyForDeploymentPostprocessing = 0;
		};
/* End PBXSourcesBuildPhase section */

/* Begin PBXTargetDependency section */
		FEECE3DD1F2F8980001B941B /* PBXTargetDependency */ = {
			isa = PBXTargetDependency;
			target = FEECE3C61F2F897F001B941B /* Factory */;
			targetProxy = FEECE3DC1F2F8980001B941B /* PBXContainerItemProxy */;
		};
/* End PBXTargetDependency section */

/* Begin PBXVariantGroup section */
		FEECE3CE1F2F897F001B941B /* Main.storyboard */ = {
			isa = PBXVariantGroup;
			children = (
				FEECE3CF1F2F897F001B941B /* Base */,
			);
			name = Main.storyboard;
			sourceTree = "<group>";
		};
		FEECE3D31F2F897F001B941B /* LaunchScreen.storyboard */ = {
			isa = PBXVariantGroup;
			children = (
				FEECE3D41F2F897F001B941B /* Base */,
			);
			name = LaunchScreen.storyboard;
			sourceTree = "<group>";
		};
/* End PBXVariantGroup section */

/* Begin XCBuildConfiguration section */
		FEECE3ED1F2F8980001B941B /* Debug */ = {
			isa = XCBuildConfiguration;
			buildSettings = {
				ALWAYS_SEARCH_USER_PATHS = NO;
				CLANG_ANALYZER_NONNULL = YES;
				CLANG_ANALYZER_NUMBER_OBJECT_CONVERSION = YES_AGGRESSIVE;
				CLANG_CXX_LANGUAGE_STANDARD = "gnu++0x";
				CLANG_CXX_LIBRARY = "libc++";
				CLANG_ENABLE_MODULES = YES;
				CLANG_ENABLE_OBJC_ARC = YES;
				CLANG_WARN_BOOL_CONVERSION = YES;
				CLANG_WARN_CONSTANT_CONVERSION = YES;
				CLANG_WARN_DIRECT_OBJC_ISA_USAGE = YES_ERROR;
				CLANG_WARN_DOCUMENTATION_COMMENTS = YES;
				CLANG_WARN_EMPTY_BODY = YES;
				CLANG_WARN_ENUM_CONVERSION = YES;
				CLANG_WARN_INFINITE_RECURSION = YES;
				CLANG_WARN_INT_CONVERSION = YES;
				CLANG_WARN_OBJC_ROOT_CLASS = YES_ERROR;
				CLANG_WARN_SUSPICIOUS_MOVE = YES;
				CLANG_WARN_UNREACHABLE_CODE = YES;
				CLANG_WARN__DUPLICATE_METHOD_MATCH = YES;
				"CODE_SIGN_IDENTITY[sdk=iphoneos*]" = "iPhone Developer";
				COPY_PHASE_STRIP = NO;
				DEBUG_INFORMATION_FORMAT = dwarf;
				ENABLE_STRICT_OBJC_MSGSEND = YES;
				ENABLE_TESTABILITY = YES;
				GCC_C_LANGUAGE_STANDARD = gnu99;
				GCC_DYNAMIC_NO_PIC = NO;
				GCC_NO_COMMON_BLOCKS = YES;
				GCC_OPTIMIZATION_LEVEL = 0;
				GCC_PREPROCESSOR_DEFINITIONS = (
					"DEBUG=1",
					"$(inherited)",
				);
				GCC_WARN_64_TO_32_BIT_CONVERSION = YES;
				GCC_WARN_ABOUT_RETURN_TYPE = YES_ERROR;
				GCC_WARN_UNDECLARED_SELECTOR = YES;
				GCC_WARN_UNINITIALIZED_AUTOS = YES_AGGRESSIVE;
				GCC_WARN_UNUSED_FUNCTION = YES;
				GCC_WARN_UNUSED_VARIABLE = YES;
				IPHONEOS_DEPLOYMENT_TARGET = 10.3;
				MTL_ENABLE_DEBUG_INFO = YES;
				ONLY_ACTIVE_ARCH = YES;
				SDKROOT = iphoneos;
				SWIFT_ACTIVE_COMPILATION_CONDITIONS = DEBUG;
				SWIFT_OPTIMIZATION_LEVEL = "-Onone";
			};
			name = Debug;
		};
		FEECE3EE1F2F8980001B941B /* Release */ = {
			isa = XCBuildConfiguration;
			buildSettings = {
				ALWAYS_SEARCH_USER_PATHS = NO;
				CLANG_ANALYZER_NONNULL = YES;
				CLANG_ANALYZER_NUMBER_OBJECT_CONVERSION = YES_AGGRESSIVE;
				CLANG_CXX_LANGUAGE_STANDARD = "gnu++0x";
				CLANG_CXX_LIBRARY = "libc++";
				CLANG_ENABLE_MODULES = YES;
				CLANG_ENABLE_OBJC_ARC = YES;
				CLANG_WARN_BOOL_CONVERSION = YES;
				CLANG_WARN_CONSTANT_CONVERSION = YES;
				CLANG_WARN_DIRECT_OBJC_ISA_USAGE = YES_ERROR;
				CLANG_WARN_DOCUMENTATION_COMMENTS = YES;
				CLANG_WARN_EMPTY_BODY = YES;
				CLANG_WARN_ENUM_CONVERSION = YES;
				CLANG_WARN_INFINITE_RECURSION = YES;
				CLANG_WARN_INT_CONVERSION = YES;
				CLANG_WARN_OBJC_ROOT_CLASS = YES_ERROR;
				CLANG_WARN_SUSPICIOUS_MOVE = YES;
				CLANG_WARN_UNREACHABLE_CODE = YES;
				CLANG_WARN__DUPLICATE_METHOD_MATCH = YES;
				"CODE_SIGN_IDENTITY[sdk=iphoneos*]" = "iPhone Developer";
				COPY_PHASE_STRIP = NO;
				DEBUG_INFORMATION_FORMAT = "dwarf-with-dsym";
				ENABLE_NS_ASSERTIONS = NO;
				ENABLE_STRICT_OBJC_MSGSEND = YES;
				GCC_C_LANGUAGE_STANDARD = gnu99;
				GCC_NO_COMMON_BLOCKS = YES;
				GCC_WARN_64_TO_32_BIT_CONVERSION = YES;
				GCC_WARN_ABOUT_RETURN_TYPE = YES_ERROR;
				GCC_WARN_UNDECLARED_SELECTOR = YES;
				GCC_WARN_UNINITIALIZED_AUTOS = YES_AGGRESSIVE;
				GCC_WARN_UNUSED_FUNCTION = YES;
				GCC_WARN_UNUSED_VARIABLE = YES;
				IPHONEOS_DEPLOYMENT_TARGET = 10.3;
				MTL_ENABLE_DEBUG_INFO = NO;
				SDKROOT = iphoneos;
				SWIFT_OPTIMIZATION_LEVEL = "-Owholemodule";
				VALIDATE_PRODUCT = YES;
			};
			name = Release;
		};
		FEECE3F01F2F8980001B941B /* Debug */ = {
			isa = XCBuildConfiguration;
			buildSettings = {
				ASSETCATALOG_COMPILER_APPICON_NAME = AppIcon;
				DEVELOPMENT_TEAM = AK7DPF549M;
				INFOPLIST_FILE = Factory/Info.plist;
				LD_RUNPATH_SEARCH_PATHS = "$(inherited) @executable_path/Frameworks";
				PRODUCT_BUNDLE_IDENTIFIER = org.kisio.Factory;
				PRODUCT_NAME = "$(TARGET_NAME)";
				SWIFT_VERSION = 3.0;
			};
			name = Debug;
		};
		FEECE3F11F2F8980001B941B /* Release */ = {
			isa = XCBuildConfiguration;
			buildSettings = {
				ASSETCATALOG_COMPILER_APPICON_NAME = AppIcon;
				DEVELOPMENT_TEAM = AK7DPF549M;
				INFOPLIST_FILE = Factory/Info.plist;
				LD_RUNPATH_SEARCH_PATHS = "$(inherited) @executable_path/Frameworks";
				PRODUCT_BUNDLE_IDENTIFIER = org.kisio.Factory;
				PRODUCT_NAME = "$(TARGET_NAME)";
				SWIFT_VERSION = 3.0;
			};
			name = Release;
		};
		FEECE3F31F2F8980001B941B /* Debug */ = {
			isa = XCBuildConfiguration;
			buildSettings = {
				ALWAYS_EMBED_SWIFT_STANDARD_LIBRARIES = YES;
				BUNDLE_LOADER = "$(TEST_HOST)";
				DEVELOPMENT_TEAM = AK7DPF549M;
				INFOPLIST_FILE = FactoryTests/Info.plist;
				LD_RUNPATH_SEARCH_PATHS = "$(inherited) @executable_path/Frameworks @loader_path/Frameworks";
				PRODUCT_BUNDLE_IDENTIFIER = org.kisio.FactoryTests;
				PRODUCT_NAME = "$(TARGET_NAME)";
				SWIFT_VERSION = 3.0;
				TEST_HOST = "$(BUILT_PRODUCTS_DIR)/Factory.app/Factory";
			};
			name = Debug;
		};
		FEECE3F41F2F8980001B941B /* Release */ = {
			isa = XCBuildConfiguration;
			buildSettings = {
				ALWAYS_EMBED_SWIFT_STANDARD_LIBRARIES = YES;
				BUNDLE_LOADER = "$(TEST_HOST)";
				DEVELOPMENT_TEAM = AK7DPF549M;
				INFOPLIST_FILE = FactoryTests/Info.plist;
				LD_RUNPATH_SEARCH_PATHS = "$(inherited) @executable_path/Frameworks @loader_path/Frameworks";
				PRODUCT_BUNDLE_IDENTIFIER = org.kisio.FactoryTests;
				PRODUCT_NAME = "$(TARGET_NAME)";
				SWIFT_VERSION = 3.0;
				TEST_HOST = "$(BUILT_PRODUCTS_DIR)/Factory.app/Factory";
			};
			name = Release;
		};
/* End XCBuildConfiguration section */

/* Begin XCConfigurationList section */
		FEECE3C21F2F897F001B941B /* Build configuration list for PBXProject "Factory" */ = {
			isa = XCConfigurationList;
			buildConfigurations = (
				FEECE3ED1F2F8980001B941B /* Debug */,
				FEECE3EE1F2F8980001B941B /* Release */,
			);
			defaultConfigurationIsVisible = 0;
			defaultConfigurationName = Release;
		};
		FEECE3EF1F2F8980001B941B /* Build configuration list for PBXNativeTarget "Factory" */ = {
			isa = XCConfigurationList;
			buildConfigurations = (
				FEECE3F01F2F8980001B941B /* Debug */,
				FEECE3F11F2F8980001B941B /* Release */,
			);
			defaultConfigurationIsVisible = 0;
			defaultConfigurationName = Release;
		};
		FEECE3F21F2F8980001B941B /* Build configuration list for PBXNativeTarget "FactoryTests" */ = {
			isa = XCConfigurationList;
			buildConfigurations = (
				FEECE3F31F2F8980001B941B /* Debug */,
				FEECE3F41F2F8980001B941B /* Release */,
			);
			defaultConfigurationIsVisible = 0;
			defaultConfigurationName = Release;
		};
/* End XCConfigurationList section */
	};
	rootObject = FEECE3BF1F2F897F001B941B /* Project object */;
}
