// !$*UTF8*$!
{
	archiveVersion = 1;
	classes = {
	};
	objectVersion = 46;
	objects = {

/* Begin PBXBuildFile section */
		04E429DF1F73A3BA004B23A3 /* NavitiaSDK.h in Headers */ = {isa = PBXBuildFile; fileRef = 04E429DD1F73A3BA004B23A3 /* NavitiaSDK.h */; settings = {ATTRIBUTES = (Public, ); }; };
		F64C99F42201E24800878A3D /* Models.swift in Sources */ = {isa = PBXBuildFile; fileRef = F64C99452201E24600878A3D /* Models.swift */; };
		F64C99F52201E24800878A3D /* APIHelper.swift in Sources */ = {isa = PBXBuildFile; fileRef = F64C99462201E24600878A3D /* APIHelper.swift */; };
		F64C99F62201E24800878A3D /* JSONEncodableEncoding.swift in Sources */ = {isa = PBXBuildFile; fileRef = F64C99472201E24600878A3D /* JSONEncodableEncoding.swift */; };
		F64C99F72201E24800878A3D /* Extensions.swift in Sources */ = {isa = PBXBuildFile; fileRef = F64C99482201E24600878A3D /* Extensions.swift */; };
		F64C99F82201E24800878A3D /* JSONEncodingHelper.swift in Sources */ = {isa = PBXBuildFile; fileRef = F64C99492201E24600878A3D /* JSONEncodingHelper.swift */; };
		F64C99F92201E24800878A3D /* Configuration.swift in Sources */ = {isa = PBXBuildFile; fileRef = F64C994A2201E24600878A3D /* Configuration.swift */; };
		F64C99FA2201E24800878A3D /* Passage.swift in Sources */ = {isa = PBXBuildFile; fileRef = F64C994C2201E24700878A3D /* Passage.swift */; };
		F64C99FB2201E24800878A3D /* Impacted.swift in Sources */ = {isa = PBXBuildFile; fileRef = F64C994D2201E24700878A3D /* Impacted.swift */; };
		F64C99FC2201E24800878A3D /* DisruptionProperty.swift in Sources */ = {isa = PBXBuildFile; fileRef = F64C994E2201E24700878A3D /* DisruptionProperty.swift */; };
		F64C99FD2201E24800878A3D /* Amount.swift in Sources */ = {isa = PBXBuildFile; fileRef = F64C994F2201E24700878A3D /* Amount.swift */; };
		F64C99FE2201E24800878A3D /* CommercialModes.swift in Sources */ = {isa = PBXBuildFile; fileRef = F64C99502201E24700878A3D /* CommercialModes.swift */; };
		F64C99FF2201E24800878A3D /* Arrivals.swift in Sources */ = {isa = PBXBuildFile; fileRef = F64C99512201E24700878A3D /* Arrivals.swift */; };
		F64C9A002201E24800878A3D /* CoverageError.swift in Sources */ = {isa = PBXBuildFile; fileRef = F64C99522201E24700878A3D /* CoverageError.swift */; };
		F64C9A012201E24800878A3D /* VJDisplayInformation.swift in Sources */ = {isa = PBXBuildFile; fileRef = F64C99532201E24700878A3D /* VJDisplayInformation.swift */; };
		F64C9A022201E24800878A3D /* FareZone.swift in Sources */ = {isa = PBXBuildFile; fileRef = F64C99542201E24700878A3D /* FareZone.swift */; };
		F64C9A032201E24800878A3D /* LineGroup.swift in Sources */ = {isa = PBXBuildFile; fileRef = F64C99552201E24700878A3D /* LineGroup.swift */; };
		F64C9A042201E24800878A3D /* Journey.swift in Sources */ = {isa = PBXBuildFile; fileRef = F64C99562201E24700878A3D /* Journey.swift */; };
		F64C9A052201E24800878A3D /* Coverages.swift in Sources */ = {isa = PBXBuildFile; fileRef = F64C99572201E24700878A3D /* Coverages.swift */; };
		F64C9A062201E24800878A3D /* SeatsDescription.swift in Sources */ = {isa = PBXBuildFile; fileRef = F64C99582201E24700878A3D /* SeatsDescription.swift */; };
		F64C9A072201E24800878A3D /* JourneyPatternPoint.swift in Sources */ = {isa = PBXBuildFile; fileRef = F64C99592201E24700878A3D /* JourneyPatternPoint.swift */; };
		F64C9A082201E24800878A3D /* LinesSchema.swift in Sources */ = {isa = PBXBuildFile; fileRef = F64C995A2201E24700878A3D /* LinesSchema.swift */; };
		F64C9A092201E24800878A3D /* Period.swift in Sources */ = {isa = PBXBuildFile; fileRef = F64C995B2201E24700878A3D /* Period.swift */; };
		F64C9A0A2201E24800878A3D /* Severity.swift in Sources */ = {isa = PBXBuildFile; fileRef = F64C995C2201E24700878A3D /* Severity.swift */; };
		F64C9A0B2201E24800878A3D /* CellLonSchema.swift in Sources */ = {isa = PBXBuildFile; fileRef = F64C995D2201E24700878A3D /* CellLonSchema.swift */; };
		F64C9A0C2201E24800878A3D /* JourneyDebug.swift in Sources */ = {isa = PBXBuildFile; fileRef = F64C995E2201E24700878A3D /* JourneyDebug.swift */; };
		F64C9A0D2201E24800878A3D /* Property.swift in Sources */ = {isa = PBXBuildFile; fileRef = F64C995F2201E24700878A3D /* Property.swift */; };
		F64C9A0E2201E24800878A3D /* RouteDisplayInformation.swift in Sources */ = {isa = PBXBuildFile; fileRef = F64C99602201E24700878A3D /* RouteDisplayInformation.swift */; };
		F64C9A0F2201E24800878A3D /* Address.swift in Sources */ = {isa = PBXBuildFile; fileRef = F64C99612201E24700878A3D /* Address.swift */; };
		F64C9A102201E24800878A3D /* PhysicalMode.swift in Sources */ = {isa = PBXBuildFile; fileRef = F64C99622201E24700878A3D /* PhysicalMode.swift */; };
		F64C9A112201E24800878A3D /* ValidityPattern.swift in Sources */ = {isa = PBXBuildFile; fileRef = F64C99632201E24700878A3D /* ValidityPattern.swift */; };
		F64C9A122201E24800878A3D /* StopTime.swift in Sources */ = {isa = PBXBuildFile; fileRef = F64C99642201E24700878A3D /* StopTime.swift */; };
		F64C9A132201E24800878A3D /* Comment.swift in Sources */ = {isa = PBXBuildFile; fileRef = F64C99652201E24700878A3D /* Comment.swift */; };
		F64C9A142201E24800878A3D /* Companies.swift in Sources */ = {isa = PBXBuildFile; fileRef = F64C99662201E24700878A3D /* Companies.swift */; };
		F64C9A152201E24800878A3D /* LinkSchema.swift in Sources */ = {isa = PBXBuildFile; fileRef = F64C99672201E24700878A3D /* LinkSchema.swift */; };
		F64C9A162201E24800878A3D /* Journeys.swift in Sources */ = {isa = PBXBuildFile; fileRef = F64C99682201E24700878A3D /* Journeys.swift */; };
		F64C9A172201E24800878A3D /* Places.swift in Sources */ = {isa = PBXBuildFile; fileRef = F64C99692201E24700878A3D /* Places.swift */; };
		F64C9A182201E24800878A3D /* HeatMap.swift in Sources */ = {isa = PBXBuildFile; fileRef = F64C996A2201E24700878A3D /* HeatMap.swift */; };
		F64C9A1A2201E24800878A3D /* SectionGeoJsonSchema.swift in Sources */ = {isa = PBXBuildFile; fileRef = F64C996C2201E24700878A3D /* SectionGeoJsonSchema.swift */; };
		F64C9A1B2201E24800878A3D /* Trip.swift in Sources */ = {isa = PBXBuildFile; fileRef = F64C996D2201E24700878A3D /* Trip.swift */; };
		F64C9A1C2201E24800878A3D /* ImpactedStop.swift in Sources */ = {isa = PBXBuildFile; fileRef = F64C996E2201E24700878A3D /* ImpactedStop.swift */; };
		F64C9A1D2201E24800878A3D /* Distances.swift in Sources */ = {isa = PBXBuildFile; fileRef = F64C996F2201E24700878A3D /* Distances.swift */; };
		F64C9A1E2201E24800878A3D /* Disruptions.swift in Sources */ = {isa = PBXBuildFile; fileRef = F64C99702201E24700878A3D /* Disruptions.swift */; };
		F64C9A1F2201E24800878A3D /* StopPoints.swift in Sources */ = {isa = PBXBuildFile; fileRef = F64C99712201E24700878A3D /* StopPoints.swift */; };
		F64C9A202201E24800878A3D /* HeatMap1.swift in Sources */ = {isa = PBXBuildFile; fileRef = F64C99722201E24700878A3D /* HeatMap1.swift */; };
		F64C9A212201E24800878A3D /* CO2.swift in Sources */ = {isa = PBXBuildFile; fileRef = F64C99732201E24700878A3D /* CO2.swift */; };
		F64C9A222201E24800878A3D /* ImpactedSection.swift in Sources */ = {isa = PBXBuildFile; fileRef = F64C99742201E24700878A3D /* ImpactedSection.swift */; };
		F64C9A232201E24800878A3D /* PoiTypes.swift in Sources */ = {isa = PBXBuildFile; fileRef = F64C99752201E24700878A3D /* PoiTypes.swift */; };
		F64C9A242201E24800878A3D /* Coverage.swift in Sources */ = {isa = PBXBuildFile; fileRef = F64C99762201E24700878A3D /* Coverage.swift */; };
		F64C9A252201E24800878A3D /* Message.swift in Sources */ = {isa = PBXBuildFile; fileRef = F64C99772201E24700878A3D /* Message.swift */; };
		F64C9A262201E24800878A3D /* Place.swift in Sources */ = {isa = PBXBuildFile; fileRef = F64C99782201E24700878A3D /* Place.swift */; };
		F64C9A272201E24800878A3D /* Contributor.swift in Sources */ = {isa = PBXBuildFile; fileRef = F64C99792201E24700878A3D /* Contributor.swift */; };
		F64C9A282201E24800878A3D /* Channel.swift in Sources */ = {isa = PBXBuildFile; fileRef = F64C997A2201E24700878A3D /* Channel.swift */; };
		F64C9A292201E24800878A3D /* Network.swift in Sources */ = {isa = PBXBuildFile; fileRef = F64C997B2201E24700878A3D /* Network.swift */; };
		F64C9A2A2201E24800878A3D /* LineReport.swift in Sources */ = {isa = PBXBuildFile; fileRef = F64C997C2201E24700878A3D /* LineReport.swift */; };
		F64C9A2B2201E24800878A3D /* GeoStatus1.swift in Sources */ = {isa = PBXBuildFile; fileRef = F64C997D2201E24700878A3D /* GeoStatus1.swift */; };
		F64C9A2C2201E24800878A3D /* Admin.swift in Sources */ = {isa = PBXBuildFile; fileRef = F64C997E2201E24700878A3D /* Admin.swift */; };
		F64C9A2D2201E24800878A3D /* PlacesNearby.swift in Sources */ = {isa = PBXBuildFile; fileRef = F64C997F2201E24700878A3D /* PlacesNearby.swift */; };
		F64C9A2E2201E24800878A3D /* PlaceNearby.swift in Sources */ = {isa = PBXBuildFile; fileRef = F64C99802201E24700878A3D /* PlaceNearby.swift */; };
		F64C9A2F2201E24800878A3D /* Table.swift in Sources */ = {isa = PBXBuildFile; fileRef = F64C99812201E24700878A3D /* Table.swift */; };
		F64C9A302201E24800878A3D /* PoiType.swift in Sources */ = {isa = PBXBuildFile; fileRef = F64C99822201E24700878A3D /* PoiType.swift */; };
		F64C9A312201E24800878A3D /* BetaEndpoints.swift in Sources */ = {isa = PBXBuildFile; fileRef = F64C99832201E24700878A3D /* BetaEndpoints.swift */; };
		F64C9A322201E24800878A3D /* TrafficReports.swift in Sources */ = {isa = PBXBuildFile; fileRef = F64C99842201E24700878A3D /* TrafficReports.swift */; };
		F64C9A332201E24800878A3D /* Lines.swift in Sources */ = {isa = PBXBuildFile; fileRef = F64C99852201E24700878A3D /* Lines.swift */; };
		F64C9A342201E24800878A3D /* Exception.swift in Sources */ = {isa = PBXBuildFile; fileRef = F64C99862201E24700878A3D /* Exception.swift */; };
		F64C9A362201E24800878A3D /* RouteSchedules.swift in Sources */ = {isa = PBXBuildFile; fileRef = F64C99882201E24700878A3D /* RouteSchedules.swift */; };
		F64C9A372201E24800878A3D /* MultiLineStringSchema.swift in Sources */ = {isa = PBXBuildFile; fileRef = F64C99892201E24700878A3D /* MultiLineStringSchema.swift */; };
		F64C9A382201E24800878A3D /* Code.swift in Sources */ = {isa = PBXBuildFile; fileRef = F64C998A2201E24700878A3D /* Code.swift */; };
		F64C9A392201E24800878A3D /* Trips.swift in Sources */ = {isa = PBXBuildFile; fileRef = F64C998B2201E24700878A3D /* Trips.swift */; };
		F64C9A3A2201E24800878A3D /* DictAddresses.swift in Sources */ = {isa = PBXBuildFile; fileRef = F64C998C2201E24700878A3D /* DictAddresses.swift */; };
		F64C9A3B2201E24800878A3D /* RidesharingInformation.swift in Sources */ = {isa = PBXBuildFile; fileRef = F64C998D2201E24700878A3D /* RidesharingInformation.swift */; };
		F64C9A3C2201E24800878A3D /* JourneyPattern.swift in Sources */ = {isa = PBXBuildFile; fileRef = F64C998E2201E24700878A3D /* JourneyPattern.swift */; };
		F64C9A3D2201E24800878A3D /* Stands.swift in Sources */ = {isa = PBXBuildFile; fileRef = F64C998F2201E24700878A3D /* Stands.swift */; };
		F64C9A3E2201E24800878A3D /* Dataset.swift in Sources */ = {isa = PBXBuildFile; fileRef = F64C99902201E24700878A3D /* Dataset.swift */; };
		F64C9A3F2201E24800878A3D /* Path.swift in Sources */ = {isa = PBXBuildFile; fileRef = F64C99912201E24700878A3D /* Path.swift */; };
		F64C9A402201E24800878A3D /* Context.swift in Sources */ = {isa = PBXBuildFile; fileRef = F64C99922201E24700878A3D /* Context.swift */; };
		F64C9A412201E24800878A3D /* Header.swift in Sources */ = {isa = PBXBuildFile; fileRef = F64C99932201E24700878A3D /* Header.swift */; };
		F64C9A422201E24800878A3D /* IndividualRating.swift in Sources */ = {isa = PBXBuildFile; fileRef = F64C99942201E24700878A3D /* IndividualRating.swift */; };
		F64C9A432201E24800878A3D /* Note.swift in Sources */ = {isa = PBXBuildFile; fileRef = F64C99952201E24700878A3D /* Note.swift */; };
		F64C9A442201E24800878A3D /* Pagination.swift in Sources */ = {isa = PBXBuildFile; fileRef = F64C99962201E24700878A3D /* Pagination.swift */; };
		F64C9A452201E24800878A3D /* CalendarPeriod.swift in Sources */ = {isa = PBXBuildFile; fileRef = F64C99972201E24700878A3D /* CalendarPeriod.swift */; };
		F64C9A462201E24800878A3D /* Disruption.swift in Sources */ = {isa = PBXBuildFile; fileRef = F64C99982201E24700878A3D /* Disruption.swift */; };
		F64C9A472201E24800878A3D /* PtObject.swift in Sources */ = {isa = PBXBuildFile; fileRef = F64C99992201E24700878A3D /* PtObject.swift */; };
		F64C9A482201E24800878A3D /* Section.swift in Sources */ = {isa = PBXBuildFile; fileRef = F64C999A2201E24700878A3D /* Section.swift */; };
		F64C9A492201E24800878A3D /* CellLatSchema.swift in Sources */ = {isa = PBXBuildFile; fileRef = F64C999B2201E24700878A3D /* CellLatSchema.swift */; };
		F64C9A4A2201E24800878A3D /* LineReports.swift in Sources */ = {isa = PBXBuildFile; fileRef = F64C999C2201E24700878A3D /* LineReports.swift */; };
		F64C9A4B2201E24800878A3D /* DateTimeType.swift in Sources */ = {isa = PBXBuildFile; fileRef = F64C999D2201E24700878A3D /* DateTimeType.swift */; };
		F64C9A4C2201E24800878A3D /* WeekPattern.swift in Sources */ = {isa = PBXBuildFile; fileRef = F64C999E2201E24700878A3D /* WeekPattern.swift */; };
		F64C9A4D2201E24800878A3D /* Durations.swift in Sources */ = {isa = PBXBuildFile; fileRef = F64C999F2201E24700878A3D /* Durations.swift */; };
		F64C9A4E2201E24800878A3D /* CarPark.swift in Sources */ = {isa = PBXBuildFile; fileRef = F64C99A02201E24700878A3D /* CarPark.swift */; };
		F64C9A4F2201E24800878A3D /* VehicleJourney.swift in Sources */ = {isa = PBXBuildFile; fileRef = F64C99A12201E24700878A3D /* VehicleJourney.swift */; };
		F64C9A502201E24800878A3D /* StopSchedule.swift in Sources */ = {isa = PBXBuildFile; fileRef = F64C99A22201E24700878A3D /* StopSchedule.swift */; };
		F64C9A512201E24800878A3D /* Ticket.swift in Sources */ = {isa = PBXBuildFile; fileRef = F64C99A32201E24700878A3D /* Ticket.swift */; };
		F64C9A522201E24800878A3D /* Companie.swift in Sources */ = {isa = PBXBuildFile; fileRef = F64C99A42201E24700878A3D /* Companie.swift */; };
		F64C9A532201E24800878A3D /* Contributors.swift in Sources */ = {isa = PBXBuildFile; fileRef = F64C99A52201E24700878A3D /* Contributors.swift */; };
		F64C9A542201E24800878A3D /* JourneyPatterns.swift in Sources */ = {isa = PBXBuildFile; fileRef = F64C99A62201E24700878A3D /* JourneyPatterns.swift */; };
		F64C9A552201E24800878A3D /* SectionGeoJsonSchemaProperties.swift in Sources */ = {isa = PBXBuildFile; fileRef = F64C99A72201E24700878A3D /* SectionGeoJsonSchemaProperties.swift */; };
		F64C9A562201E24800878A3D /* ModelError.swift in Sources */ = {isa = PBXBuildFile; fileRef = F64C99A82201E24700878A3D /* ModelError.swift */; };
		F64C9A572201E24800878A3D /* Line.swift in Sources */ = {isa = PBXBuildFile; fileRef = F64C99A92201E24700878A3D /* Line.swift */; };
		F64C9A582201E24800878A3D /* FeedPublisher.swift in Sources */ = {isa = PBXBuildFile; fileRef = F64C99AA2201E24700878A3D /* FeedPublisher.swift */; };
		F64C9A592201E24800878A3D /* HeatMatrixSchema.swift in Sources */ = {isa = PBXBuildFile; fileRef = F64C99AB2201E24700878A3D /* HeatMatrixSchema.swift */; };
		F64C9A5A2201E24800878A3D /* CommercialMode.swift in Sources */ = {isa = PBXBuildFile; fileRef = F64C99AC2201E24700878A3D /* CommercialMode.swift */; };
		F64C9A5B2201E24800878A3D /* StopPoint.swift in Sources */ = {isa = PBXBuildFile; fileRef = F64C99AD2201E24700878A3D /* StopPoint.swift */; };
		F64C9A5C2201E24800878A3D /* PtObjects.swift in Sources */ = {isa = PBXBuildFile; fileRef = F64C99AE2201E24700878A3D /* PtObjects.swift */; };
		F64C9A5D2201E24800878A3D /* Poi.swift in Sources */ = {isa = PBXBuildFile; fileRef = F64C99AF2201E24700878A3D /* Poi.swift */; };
		F64C9A5E2201E24800878A3D /* StopArea.swift in Sources */ = {isa = PBXBuildFile; fileRef = F64C99B02201E24700878A3D /* StopArea.swift */; };
		F64C9A5F2201E24800878A3D /* Row.swift in Sources */ = {isa = PBXBuildFile; fileRef = F64C99B12201E24700878A3D /* Row.swift */; };
		F64C9A602201E24800878A3D /* JourneyPatternPoints.swift in Sources */ = {isa = PBXBuildFile; fileRef = F64C99B22201E24700878A3D /* JourneyPatternPoints.swift */; };
		F64C9A622201E24800878A3D /* StopDateTime.swift in Sources */ = {isa = PBXBuildFile; fileRef = F64C99B42201E24700878A3D /* StopDateTime.swift */; };
		F64C9A632201E24800878A3D /* CalendarException.swift in Sources */ = {isa = PBXBuildFile; fileRef = F64C99B52201E24700878A3D /* CalendarException.swift */; };
		F64C9A642201E24800878A3D /* TrafficReport.swift in Sources */ = {isa = PBXBuildFile; fileRef = F64C99B62201E24700878A3D /* TrafficReport.swift */; };
		F64C9A652201E24800878A3D /* PhysicalModes.swift in Sources */ = {isa = PBXBuildFile; fileRef = F64C99B72201E24700878A3D /* PhysicalModes.swift */; };
		F64C9A662201E24800878A3D /* StopAreas.swift in Sources */ = {isa = PBXBuildFile; fileRef = F64C99B82201E24700878A3D /* StopAreas.swift */; };
		F64C9A672201E24800878A3D /* RouteSchedule.swift in Sources */ = {isa = PBXBuildFile; fileRef = F64C99B92201E24700878A3D /* RouteSchedule.swift */; };
		F64C9A682201E24800878A3D /* VehicleJourneys.swift in Sources */ = {isa = PBXBuildFile; fileRef = F64C99BA2201E24700878A3D /* VehicleJourneys.swift */; };
		F64C9A692201E24800878A3D /* Fare.swift in Sources */ = {isa = PBXBuildFile; fileRef = F64C99BB2201E24700878A3D /* Fare.swift */; };
		F64C9A6A2201E24800878A3D /* IndividualInformation.swift in Sources */ = {isa = PBXBuildFile; fileRef = F64C99BC2201E24700878A3D /* IndividualInformation.swift */; };
		F64C9A6B2201E24800878A3D /* LineGroups.swift in Sources */ = {isa = PBXBuildFile; fileRef = F64C99BD2201E24700878A3D /* LineGroups.swift */; };
		F64C9A6C2201E24800878A3D /* Coord.swift in Sources */ = {isa = PBXBuildFile; fileRef = F64C99BE2201E24700878A3D /* Coord.swift */; };
		F64C9A6D2201E24800878A3D /* GeoStatus.swift in Sources */ = {isa = PBXBuildFile; fileRef = F64C99BF2201E24700878A3D /* GeoStatus.swift */; };
		F64C9A6E2201E24800878A3D /* Networks.swift in Sources */ = {isa = PBXBuildFile; fileRef = F64C99C02201E24700878A3D /* Networks.swift */; };
		F64C9A6F2201E24800878A3D /* Calendar.swift in Sources */ = {isa = PBXBuildFile; fileRef = F64C99C12201E24700878A3D /* Calendar.swift */; };
		F64C9A702201E24800878A3D /* Route.swift in Sources */ = {isa = PBXBuildFile; fileRef = F64C99C22201E24700878A3D /* Route.swift */; };
		F64C9A712201E24800878A3D /* StopSchedules.swift in Sources */ = {isa = PBXBuildFile; fileRef = F64C99C32201E24700878A3D /* StopSchedules.swift */; };
		F64C9A722201E24800878A3D /* Routes.swift in Sources */ = {isa = PBXBuildFile; fileRef = F64C99C42201E24700878A3D /* Routes.swift */; };
		F64C9A732201E24800878A3D /* Datasets.swift in Sources */ = {isa = PBXBuildFile; fileRef = F64C99C52201E24700878A3D /* Datasets.swift */; };
		F64C9A742201E24800878A3D /* Departures.swift in Sources */ = {isa = PBXBuildFile; fileRef = F64C99C62201E24700878A3D /* Departures.swift */; };
		F64C9A752201E24800878A3D /* Cost.swift in Sources */ = {isa = PBXBuildFile; fileRef = F64C99C72201E24700878A3D /* Cost.swift */; };
		F64C9A762201E24800878A3D /* Pois.swift in Sources */ = {isa = PBXBuildFile; fileRef = F64C99C82201E24700878A3D /* Pois.swift */; };
		F64C9A772201E24800878A3D /* LineHeadersSchema.swift in Sources */ = {isa = PBXBuildFile; fileRef = F64C99C92201E24700878A3D /* LineHeadersSchema.swift */; };
		F64C9A782201E24800878A3D /* Calendars.swift in Sources */ = {isa = PBXBuildFile; fileRef = F64C99CA2201E24700878A3D /* Calendars.swift */; };
		F64C9A792201E24800878A3D /* LinesAPI.swift in Sources */ = {isa = PBXBuildFile; fileRef = F64C99CC2201E24700878A3D /* LinesAPI.swift */; };
		F64C9A7A2201E24800878A3D /* TrafficReportAPI.swift in Sources */ = {isa = PBXBuildFile; fileRef = F64C99CD2201E24700878A3D /* TrafficReportAPI.swift */; };
		F64C9A7B2201E24800878A3D /* PlaceUriAPI.swift in Sources */ = {isa = PBXBuildFile; fileRef = F64C99CE2201E24700878A3D /* PlaceUriAPI.swift */; };
		F64C9A7D2201E24800878A3D /* NextArrivalsAPI.swift in Sources */ = {isa = PBXBuildFile; fileRef = F64C99D02201E24700878A3D /* NextArrivalsAPI.swift */; };
		F64C9A7E2201E24800878A3D /* DisruptionsAPI.swift in Sources */ = {isa = PBXBuildFile; fileRef = F64C99D12201E24700878A3D /* DisruptionsAPI.swift */; };
		F64C9A7F2201E24800878A3D /* PoisAPI.swift in Sources */ = {isa = PBXBuildFile; fileRef = F64C99D22201E24700878A3D /* PoisAPI.swift */; };
		F64C9A802201E24800878A3D /* JourneyPatternsAPI.swift in Sources */ = {isa = PBXBuildFile; fileRef = F64C99D32201E24700878A3D /* JourneyPatternsAPI.swift */; };
		F64C9A812201E24800878A3D /* CoordsAPI.swift in Sources */ = {isa = PBXBuildFile; fileRef = F64C99D42201E24700878A3D /* CoordsAPI.swift */; };
		F64C9A822201E24800878A3D /* PoiTypesAPI.swift in Sources */ = {isa = PBXBuildFile; fileRef = F64C99D52201E24700878A3D /* PoiTypesAPI.swift */; };
		F64C9A832201E24800878A3D /* NetworksAPI.swift in Sources */ = {isa = PBXBuildFile; fileRef = F64C99D62201E24700878A3D /* NetworksAPI.swift */; };
		F64C9A842201E24800878A3D /* CoverageAPI.swift in Sources */ = {isa = PBXBuildFile; fileRef = F64C99D72201E24700878A3D /* CoverageAPI.swift */; };
		F64C9A852201E24800878A3D /* NextDeparturesAPI.swift in Sources */ = {isa = PBXBuildFile; fileRef = F64C99D82201E24700878A3D /* NextDeparturesAPI.swift */; };
		F64C9A862201E24800878A3D /* StopSchedulesAPI.swift in Sources */ = {isa = PBXBuildFile; fileRef = F64C99D92201E24700878A3D /* StopSchedulesAPI.swift */; };
		F64C9A872201E24800878A3D /* GeoStatusAPI.swift in Sources */ = {isa = PBXBuildFile; fileRef = F64C99DA2201E24700878A3D /* GeoStatusAPI.swift */; };
		F64C9A882201E24800878A3D /* VehicleJourneysAPI.swift in Sources */ = {isa = PBXBuildFile; fileRef = F64C99DB2201E24700878A3D /* VehicleJourneysAPI.swift */; };
		F64C9A892201E24800878A3D /* CoordAPI.swift in Sources */ = {isa = PBXBuildFile; fileRef = F64C99DC2201E24700878A3D /* CoordAPI.swift */; };
		F64C9A8A2201E24800878A3D /* HeatMapAPI.swift in Sources */ = {isa = PBXBuildFile; fileRef = F64C99DD2201E24700878A3D /* HeatMapAPI.swift */; };
		F64C9A8B2201E24800878A3D /* StopPointsAPI.swift in Sources */ = {isa = PBXBuildFile; fileRef = F64C99DE2201E24700878A3D /* StopPointsAPI.swift */; };
		F64C9A8C2201E24800878A3D /* PtobjectsAPI.swift in Sources */ = {isa = PBXBuildFile; fileRef = F64C99DF2201E24700878A3D /* PtobjectsAPI.swift */; };
		F64C9A8D2201E24800878A3D /* RouteSchedulesAPI.swift in Sources */ = {isa = PBXBuildFile; fileRef = F64C99E02201E24700878A3D /* RouteSchedulesAPI.swift */; };
		F64C9A8E2201E24800878A3D /* JourneyPatternPointsAPI.swift in Sources */ = {isa = PBXBuildFile; fileRef = F64C99E12201E24700878A3D /* JourneyPatternPointsAPI.swift */; };
		F64C9A8F2201E24800878A3D /* ContributorsAPI.swift in Sources */ = {isa = PBXBuildFile; fileRef = F64C99E22201E24700878A3D /* ContributorsAPI.swift */; };
		F64C9A902201E24800878A3D /* RoutesAPI.swift in Sources */ = {isa = PBXBuildFile; fileRef = F64C99E32201E24700878A3D /* RoutesAPI.swift */; };
		F64C9A912201E24800878A3D /* AddressesAPI.swift in Sources */ = {isa = PBXBuildFile; fileRef = F64C99E42201E24700878A3D /* AddressesAPI.swift */; };
		F64C9A922201E24800878A3D /* LineGroupsAPI.swift in Sources */ = {isa = PBXBuildFile; fileRef = F64C99E52201E24700878A3D /* LineGroupsAPI.swift */; };
		F64C9A932201E24800878A3D /* StopAreasAPI.swift in Sources */ = {isa = PBXBuildFile; fileRef = F64C99E62201E24700878A3D /* StopAreasAPI.swift */; };
		F64C9A942201E24800878A3D /* PlacesNearbyAPI.swift in Sources */ = {isa = PBXBuildFile; fileRef = F64C99E72201E24700878A3D /* PlacesNearbyAPI.swift */; };
		F64C9A952201E24800878A3D /* PlacesAPI.swift in Sources */ = {isa = PBXBuildFile; fileRef = F64C99E82201E24700878A3D /* PlacesAPI.swift */; };
		F64C9A962201E24800878A3D /* DatasetsAPI.swift in Sources */ = {isa = PBXBuildFile; fileRef = F64C99E92201E24700878A3D /* DatasetsAPI.swift */; };
		F64C9A972201E24800878A3D /* LineReportsAPI.swift in Sources */ = {isa = PBXBuildFile; fileRef = F64C99EA2201E24700878A3D /* LineReportsAPI.swift */; };
		F64C9A982201E24800878A3D /* CommercialModesAPI.swift in Sources */ = {isa = PBXBuildFile; fileRef = F64C99EB2201E24700878A3D /* CommercialModesAPI.swift */; };
		F64C9A992201E24800878A3D /* JourneysAPI.swift in Sources */ = {isa = PBXBuildFile; fileRef = F64C99EC2201E24700878A3D /* JourneysAPI.swift */; };
		F64C9A9A2201E24800878A3D /* TripsAPI.swift in Sources */ = {isa = PBXBuildFile; fileRef = F64C99ED2201E24700878A3D /* TripsAPI.swift */; };
		F64C9A9B2201E24800878A3D /* PhysicalModesAPI.swift in Sources */ = {isa = PBXBuildFile; fileRef = F64C99EE2201E24700878A3D /* PhysicalModesAPI.swift */; };
		F64C9A9C2201E24800878A3D /* CompaniesAPI.swift in Sources */ = {isa = PBXBuildFile; fileRef = F64C99EF2201E24700878A3D /* CompaniesAPI.swift */; };
		F64C9A9D2201E24800878A3D /* CalendarsAPI.swift in Sources */ = {isa = PBXBuildFile; fileRef = F64C99F02201E24700878A3D /* CalendarsAPI.swift */; };
		F64C9A9E2201E24800878A3D /* AlamofireImplementations.swift in Sources */ = {isa = PBXBuildFile; fileRef = F64C99F12201E24700878A3D /* AlamofireImplementations.swift */; };
		F64C9A9F2201E24800878A3D /* CodableHelper.swift in Sources */ = {isa = PBXBuildFile; fileRef = F64C99F22201E24700878A3D /* CodableHelper.swift */; };
		F64C9AA02201E24800878A3D /* APIs.swift in Sources */ = {isa = PBXBuildFile; fileRef = F64C99F32201E24700878A3D /* APIs.swift */; };
		F656716C22045348007A8E6E /* TaskDelegate.swift in Sources */ = {isa = PBXBuildFile; fileRef = F656715A22045348007A8E6E /* TaskDelegate.swift */; };
		F656716D22045348007A8E6E /* MultipartFormData.swift in Sources */ = {isa = PBXBuildFile; fileRef = F656715B22045348007A8E6E /* MultipartFormData.swift */; };
		F656716E22045348007A8E6E /* NetworkReachabilityManager.swift in Sources */ = {isa = PBXBuildFile; fileRef = F656715C22045348007A8E6E /* NetworkReachabilityManager.swift */; };
		F656716F22045348007A8E6E /* Timeline.swift in Sources */ = {isa = PBXBuildFile; fileRef = F656715D22045348007A8E6E /* Timeline.swift */; };
		F656717022045348007A8E6E /* DispatchQueue+Alamofire.swift in Sources */ = {isa = PBXBuildFile; fileRef = F656715E22045348007A8E6E /* DispatchQueue+Alamofire.swift */; };
		F656717122045348007A8E6E /* Result.swift in Sources */ = {isa = PBXBuildFile; fileRef = F656715F22045348007A8E6E /* Result.swift */; };
		F656717222045348007A8E6E /* ParameterEncoding.swift in Sources */ = {isa = PBXBuildFile; fileRef = F656716022045348007A8E6E /* ParameterEncoding.swift */; };
		F656717322045348007A8E6E /* AFError.swift in Sources */ = {isa = PBXBuildFile; fileRef = F656716122045348007A8E6E /* AFError.swift */; };
		F656717422045348007A8E6E /* Validation.swift in Sources */ = {isa = PBXBuildFile; fileRef = F656716222045348007A8E6E /* Validation.swift */; };
		F656717522045348007A8E6E /* Notifications.swift in Sources */ = {isa = PBXBuildFile; fileRef = F656716322045348007A8E6E /* Notifications.swift */; };
		F656717622045348007A8E6E /* Response.swift in Sources */ = {isa = PBXBuildFile; fileRef = F656716422045348007A8E6E /* Response.swift */; };
		F656717722045348007A8E6E /* Alamofire.swift in Sources */ = {isa = PBXBuildFile; fileRef = F656716522045348007A8E6E /* Alamofire.swift */; };
		F656717822045348007A8E6E /* Request.swift in Sources */ = {isa = PBXBuildFile; fileRef = F656716622045348007A8E6E /* Request.swift */; };
		F656717922045348007A8E6E /* SessionManager.swift in Sources */ = {isa = PBXBuildFile; fileRef = F656716722045348007A8E6E /* SessionManager.swift */; };
		F656717A22045348007A8E6E /* ResponseSerialization.swift in Sources */ = {isa = PBXBuildFile; fileRef = F656716822045348007A8E6E /* ResponseSerialization.swift */; };
		F656717B22045348007A8E6E /* Alamofire.h in Headers */ = {isa = PBXBuildFile; fileRef = F656716922045348007A8E6E /* Alamofire.h */; };
		F656717C22045348007A8E6E /* ServerTrustPolicy.swift in Sources */ = {isa = PBXBuildFile; fileRef = F656716A22045348007A8E6E /* ServerTrustPolicy.swift */; };
		F656717D22045348007A8E6E /* SessionDelegate.swift in Sources */ = {isa = PBXBuildFile; fileRef = F656716B22045348007A8E6E /* SessionDelegate.swift */; };
/* End PBXBuildFile section */

/* Begin PBXFileReference section */
		04E429DA1F73A3BA004B23A3 /* NavitiaSDK.framework */ = {isa = PBXFileReference; explicitFileType = wrapper.framework; includeInIndex = 0; path = NavitiaSDK.framework; sourceTree = BUILT_PRODUCTS_DIR; };
		04E429DD1F73A3BA004B23A3 /* NavitiaSDK.h */ = {isa = PBXFileReference; lastKnownFileType = sourcecode.c.h; path = NavitiaSDK.h; sourceTree = "<group>"; };
		04E429DE1F73A3BA004B23A3 /* Info.plist */ = {isa = PBXFileReference; lastKnownFileType = text.plist.xml; path = Info.plist; sourceTree = "<group>"; };
		F64C99452201E24600878A3D /* Models.swift */ = {isa = PBXFileReference; fileEncoding = 4; lastKnownFileType = sourcecode.swift; path = Models.swift; sourceTree = "<group>"; };
		F64C99462201E24600878A3D /* APIHelper.swift */ = {isa = PBXFileReference; fileEncoding = 4; lastKnownFileType = sourcecode.swift; path = APIHelper.swift; sourceTree = "<group>"; };
		F64C99472201E24600878A3D /* JSONEncodableEncoding.swift */ = {isa = PBXFileReference; fileEncoding = 4; lastKnownFileType = sourcecode.swift; path = JSONEncodableEncoding.swift; sourceTree = "<group>"; };
		F64C99482201E24600878A3D /* Extensions.swift */ = {isa = PBXFileReference; fileEncoding = 4; lastKnownFileType = sourcecode.swift; path = Extensions.swift; sourceTree = "<group>"; };
		F64C99492201E24600878A3D /* JSONEncodingHelper.swift */ = {isa = PBXFileReference; fileEncoding = 4; lastKnownFileType = sourcecode.swift; path = JSONEncodingHelper.swift; sourceTree = "<group>"; };
		F64C994A2201E24600878A3D /* Configuration.swift */ = {isa = PBXFileReference; fileEncoding = 4; lastKnownFileType = sourcecode.swift; path = Configuration.swift; sourceTree = "<group>"; };
		F64C994C2201E24700878A3D /* Passage.swift */ = {isa = PBXFileReference; fileEncoding = 4; lastKnownFileType = sourcecode.swift; path = Passage.swift; sourceTree = "<group>"; };
		F64C994D2201E24700878A3D /* Impacted.swift */ = {isa = PBXFileReference; fileEncoding = 4; lastKnownFileType = sourcecode.swift; path = Impacted.swift; sourceTree = "<group>"; };
		F64C994E2201E24700878A3D /* DisruptionProperty.swift */ = {isa = PBXFileReference; fileEncoding = 4; lastKnownFileType = sourcecode.swift; path = DisruptionProperty.swift; sourceTree = "<group>"; };
		F64C994F2201E24700878A3D /* Amount.swift */ = {isa = PBXFileReference; fileEncoding = 4; lastKnownFileType = sourcecode.swift; path = Amount.swift; sourceTree = "<group>"; };
		F64C99502201E24700878A3D /* CommercialModes.swift */ = {isa = PBXFileReference; fileEncoding = 4; lastKnownFileType = sourcecode.swift; path = CommercialModes.swift; sourceTree = "<group>"; };
		F64C99512201E24700878A3D /* Arrivals.swift */ = {isa = PBXFileReference; fileEncoding = 4; lastKnownFileType = sourcecode.swift; path = Arrivals.swift; sourceTree = "<group>"; };
		F64C99522201E24700878A3D /* CoverageError.swift */ = {isa = PBXFileReference; fileEncoding = 4; lastKnownFileType = sourcecode.swift; path = CoverageError.swift; sourceTree = "<group>"; };
		F64C99532201E24700878A3D /* VJDisplayInformation.swift */ = {isa = PBXFileReference; fileEncoding = 4; lastKnownFileType = sourcecode.swift; path = VJDisplayInformation.swift; sourceTree = "<group>"; };
		F64C99542201E24700878A3D /* FareZone.swift */ = {isa = PBXFileReference; fileEncoding = 4; lastKnownFileType = sourcecode.swift; path = FareZone.swift; sourceTree = "<group>"; };
		F64C99552201E24700878A3D /* LineGroup.swift */ = {isa = PBXFileReference; fileEncoding = 4; lastKnownFileType = sourcecode.swift; path = LineGroup.swift; sourceTree = "<group>"; };
		F64C99562201E24700878A3D /* Journey.swift */ = {isa = PBXFileReference; fileEncoding = 4; lastKnownFileType = sourcecode.swift; path = Journey.swift; sourceTree = "<group>"; };
		F64C99572201E24700878A3D /* Coverages.swift */ = {isa = PBXFileReference; fileEncoding = 4; lastKnownFileType = sourcecode.swift; path = Coverages.swift; sourceTree = "<group>"; };
		F64C99582201E24700878A3D /* SeatsDescription.swift */ = {isa = PBXFileReference; fileEncoding = 4; lastKnownFileType = sourcecode.swift; path = SeatsDescription.swift; sourceTree = "<group>"; };
		F64C99592201E24700878A3D /* JourneyPatternPoint.swift */ = {isa = PBXFileReference; fileEncoding = 4; lastKnownFileType = sourcecode.swift; path = JourneyPatternPoint.swift; sourceTree = "<group>"; };
		F64C995A2201E24700878A3D /* LinesSchema.swift */ = {isa = PBXFileReference; fileEncoding = 4; lastKnownFileType = sourcecode.swift; path = LinesSchema.swift; sourceTree = "<group>"; };
		F64C995B2201E24700878A3D /* Period.swift */ = {isa = PBXFileReference; fileEncoding = 4; lastKnownFileType = sourcecode.swift; path = Period.swift; sourceTree = "<group>"; };
		F64C995C2201E24700878A3D /* Severity.swift */ = {isa = PBXFileReference; fileEncoding = 4; lastKnownFileType = sourcecode.swift; path = Severity.swift; sourceTree = "<group>"; };
		F64C995D2201E24700878A3D /* CellLonSchema.swift */ = {isa = PBXFileReference; fileEncoding = 4; lastKnownFileType = sourcecode.swift; path = CellLonSchema.swift; sourceTree = "<group>"; };
		F64C995E2201E24700878A3D /* JourneyDebug.swift */ = {isa = PBXFileReference; fileEncoding = 4; lastKnownFileType = sourcecode.swift; path = JourneyDebug.swift; sourceTree = "<group>"; };
		F64C995F2201E24700878A3D /* Property.swift */ = {isa = PBXFileReference; fileEncoding = 4; lastKnownFileType = sourcecode.swift; path = Property.swift; sourceTree = "<group>"; };
		F64C99602201E24700878A3D /* RouteDisplayInformation.swift */ = {isa = PBXFileReference; fileEncoding = 4; lastKnownFileType = sourcecode.swift; path = RouteDisplayInformation.swift; sourceTree = "<group>"; };
		F64C99612201E24700878A3D /* Address.swift */ = {isa = PBXFileReference; fileEncoding = 4; lastKnownFileType = sourcecode.swift; path = Address.swift; sourceTree = "<group>"; };
		F64C99622201E24700878A3D /* PhysicalMode.swift */ = {isa = PBXFileReference; fileEncoding = 4; lastKnownFileType = sourcecode.swift; path = PhysicalMode.swift; sourceTree = "<group>"; };
		F64C99632201E24700878A3D /* ValidityPattern.swift */ = {isa = PBXFileReference; fileEncoding = 4; lastKnownFileType = sourcecode.swift; path = ValidityPattern.swift; sourceTree = "<group>"; };
		F64C99642201E24700878A3D /* StopTime.swift */ = {isa = PBXFileReference; fileEncoding = 4; lastKnownFileType = sourcecode.swift; path = StopTime.swift; sourceTree = "<group>"; };
		F64C99652201E24700878A3D /* Comment.swift */ = {isa = PBXFileReference; fileEncoding = 4; lastKnownFileType = sourcecode.swift; path = Comment.swift; sourceTree = "<group>"; };
		F64C99662201E24700878A3D /* Companies.swift */ = {isa = PBXFileReference; fileEncoding = 4; lastKnownFileType = sourcecode.swift; path = Companies.swift; sourceTree = "<group>"; };
		F64C99672201E24700878A3D /* LinkSchema.swift */ = {isa = PBXFileReference; fileEncoding = 4; lastKnownFileType = sourcecode.swift; path = LinkSchema.swift; sourceTree = "<group>"; };
		F64C99682201E24700878A3D /* Journeys.swift */ = {isa = PBXFileReference; fileEncoding = 4; lastKnownFileType = sourcecode.swift; path = Journeys.swift; sourceTree = "<group>"; };
		F64C99692201E24700878A3D /* Places.swift */ = {isa = PBXFileReference; fileEncoding = 4; lastKnownFileType = sourcecode.swift; path = Places.swift; sourceTree = "<group>"; };
		F64C996A2201E24700878A3D /* HeatMap.swift */ = {isa = PBXFileReference; fileEncoding = 4; lastKnownFileType = sourcecode.swift; path = HeatMap.swift; sourceTree = "<group>"; };
		F64C996C2201E24700878A3D /* SectionGeoJsonSchema.swift */ = {isa = PBXFileReference; fileEncoding = 4; lastKnownFileType = sourcecode.swift; path = SectionGeoJsonSchema.swift; sourceTree = "<group>"; };
		F64C996D2201E24700878A3D /* Trip.swift */ = {isa = PBXFileReference; fileEncoding = 4; lastKnownFileType = sourcecode.swift; path = Trip.swift; sourceTree = "<group>"; };
		F64C996E2201E24700878A3D /* ImpactedStop.swift */ = {isa = PBXFileReference; fileEncoding = 4; lastKnownFileType = sourcecode.swift; path = ImpactedStop.swift; sourceTree = "<group>"; };
		F64C996F2201E24700878A3D /* Distances.swift */ = {isa = PBXFileReference; fileEncoding = 4; lastKnownFileType = sourcecode.swift; path = Distances.swift; sourceTree = "<group>"; };
		F64C99702201E24700878A3D /* Disruptions.swift */ = {isa = PBXFileReference; fileEncoding = 4; lastKnownFileType = sourcecode.swift; path = Disruptions.swift; sourceTree = "<group>"; };
		F64C99712201E24700878A3D /* StopPoints.swift */ = {isa = PBXFileReference; fileEncoding = 4; lastKnownFileType = sourcecode.swift; path = StopPoints.swift; sourceTree = "<group>"; };
		F64C99722201E24700878A3D /* HeatMap1.swift */ = {isa = PBXFileReference; fileEncoding = 4; lastKnownFileType = sourcecode.swift; path = HeatMap1.swift; sourceTree = "<group>"; };
		F64C99732201E24700878A3D /* CO2.swift */ = {isa = PBXFileReference; fileEncoding = 4; lastKnownFileType = sourcecode.swift; path = CO2.swift; sourceTree = "<group>"; };
		F64C99742201E24700878A3D /* ImpactedSection.swift */ = {isa = PBXFileReference; fileEncoding = 4; lastKnownFileType = sourcecode.swift; path = ImpactedSection.swift; sourceTree = "<group>"; };
		F64C99752201E24700878A3D /* PoiTypes.swift */ = {isa = PBXFileReference; fileEncoding = 4; lastKnownFileType = sourcecode.swift; path = PoiTypes.swift; sourceTree = "<group>"; };
		F64C99762201E24700878A3D /* Coverage.swift */ = {isa = PBXFileReference; fileEncoding = 4; lastKnownFileType = sourcecode.swift; path = Coverage.swift; sourceTree = "<group>"; };
		F64C99772201E24700878A3D /* Message.swift */ = {isa = PBXFileReference; fileEncoding = 4; lastKnownFileType = sourcecode.swift; path = Message.swift; sourceTree = "<group>"; };
		F64C99782201E24700878A3D /* Place.swift */ = {isa = PBXFileReference; fileEncoding = 4; lastKnownFileType = sourcecode.swift; path = Place.swift; sourceTree = "<group>"; };
		F64C99792201E24700878A3D /* Contributor.swift */ = {isa = PBXFileReference; fileEncoding = 4; lastKnownFileType = sourcecode.swift; path = Contributor.swift; sourceTree = "<group>"; };
		F64C997A2201E24700878A3D /* Channel.swift */ = {isa = PBXFileReference; fileEncoding = 4; lastKnownFileType = sourcecode.swift; path = Channel.swift; sourceTree = "<group>"; };
		F64C997B2201E24700878A3D /* Network.swift */ = {isa = PBXFileReference; fileEncoding = 4; lastKnownFileType = sourcecode.swift; path = Network.swift; sourceTree = "<group>"; };
		F64C997C2201E24700878A3D /* LineReport.swift */ = {isa = PBXFileReference; fileEncoding = 4; lastKnownFileType = sourcecode.swift; path = LineReport.swift; sourceTree = "<group>"; };
		F64C997D2201E24700878A3D /* GeoStatus1.swift */ = {isa = PBXFileReference; fileEncoding = 4; lastKnownFileType = sourcecode.swift; path = GeoStatus1.swift; sourceTree = "<group>"; };
		F64C997E2201E24700878A3D /* Admin.swift */ = {isa = PBXFileReference; fileEncoding = 4; lastKnownFileType = sourcecode.swift; path = Admin.swift; sourceTree = "<group>"; };
		F64C997F2201E24700878A3D /* PlacesNearby.swift */ = {isa = PBXFileReference; fileEncoding = 4; lastKnownFileType = sourcecode.swift; path = PlacesNearby.swift; sourceTree = "<group>"; };
		F64C99802201E24700878A3D /* PlaceNearby.swift */ = {isa = PBXFileReference; fileEncoding = 4; lastKnownFileType = sourcecode.swift; path = PlaceNearby.swift; sourceTree = "<group>"; };
		F64C99812201E24700878A3D /* Table.swift */ = {isa = PBXFileReference; fileEncoding = 4; lastKnownFileType = sourcecode.swift; path = Table.swift; sourceTree = "<group>"; };
		F64C99822201E24700878A3D /* PoiType.swift */ = {isa = PBXFileReference; fileEncoding = 4; lastKnownFileType = sourcecode.swift; path = PoiType.swift; sourceTree = "<group>"; };
		F64C99832201E24700878A3D /* BetaEndpoints.swift */ = {isa = PBXFileReference; fileEncoding = 4; lastKnownFileType = sourcecode.swift; path = BetaEndpoints.swift; sourceTree = "<group>"; };
		F64C99842201E24700878A3D /* TrafficReports.swift */ = {isa = PBXFileReference; fileEncoding = 4; lastKnownFileType = sourcecode.swift; path = TrafficReports.swift; sourceTree = "<group>"; };
		F64C99852201E24700878A3D /* Lines.swift */ = {isa = PBXFileReference; fileEncoding = 4; lastKnownFileType = sourcecode.swift; path = Lines.swift; sourceTree = "<group>"; };
		F64C99862201E24700878A3D /* Exception.swift */ = {isa = PBXFileReference; fileEncoding = 4; lastKnownFileType = sourcecode.swift; path = Exception.swift; sourceTree = "<group>"; };
		F64C99882201E24700878A3D /* RouteSchedules.swift */ = {isa = PBXFileReference; fileEncoding = 4; lastKnownFileType = sourcecode.swift; path = RouteSchedules.swift; sourceTree = "<group>"; };
		F64C99892201E24700878A3D /* MultiLineStringSchema.swift */ = {isa = PBXFileReference; fileEncoding = 4; lastKnownFileType = sourcecode.swift; path = MultiLineStringSchema.swift; sourceTree = "<group>"; };
		F64C998A2201E24700878A3D /* Code.swift */ = {isa = PBXFileReference; fileEncoding = 4; lastKnownFileType = sourcecode.swift; path = Code.swift; sourceTree = "<group>"; };
		F64C998B2201E24700878A3D /* Trips.swift */ = {isa = PBXFileReference; fileEncoding = 4; lastKnownFileType = sourcecode.swift; path = Trips.swift; sourceTree = "<group>"; };
		F64C998C2201E24700878A3D /* DictAddresses.swift */ = {isa = PBXFileReference; fileEncoding = 4; lastKnownFileType = sourcecode.swift; path = DictAddresses.swift; sourceTree = "<group>"; };
		F64C998D2201E24700878A3D /* RidesharingInformation.swift */ = {isa = PBXFileReference; fileEncoding = 4; lastKnownFileType = sourcecode.swift; path = RidesharingInformation.swift; sourceTree = "<group>"; };
		F64C998E2201E24700878A3D /* JourneyPattern.swift */ = {isa = PBXFileReference; fileEncoding = 4; lastKnownFileType = sourcecode.swift; path = JourneyPattern.swift; sourceTree = "<group>"; };
		F64C998F2201E24700878A3D /* Stands.swift */ = {isa = PBXFileReference; fileEncoding = 4; lastKnownFileType = sourcecode.swift; path = Stands.swift; sourceTree = "<group>"; };
		F64C99902201E24700878A3D /* Dataset.swift */ = {isa = PBXFileReference; fileEncoding = 4; lastKnownFileType = sourcecode.swift; path = Dataset.swift; sourceTree = "<group>"; };
		F64C99912201E24700878A3D /* Path.swift */ = {isa = PBXFileReference; fileEncoding = 4; lastKnownFileType = sourcecode.swift; path = Path.swift; sourceTree = "<group>"; };
		F64C99922201E24700878A3D /* Context.swift */ = {isa = PBXFileReference; fileEncoding = 4; lastKnownFileType = sourcecode.swift; path = Context.swift; sourceTree = "<group>"; };
		F64C99932201E24700878A3D /* Header.swift */ = {isa = PBXFileReference; fileEncoding = 4; lastKnownFileType = sourcecode.swift; path = Header.swift; sourceTree = "<group>"; };
		F64C99942201E24700878A3D /* IndividualRating.swift */ = {isa = PBXFileReference; fileEncoding = 4; lastKnownFileType = sourcecode.swift; path = IndividualRating.swift; sourceTree = "<group>"; };
		F64C99952201E24700878A3D /* Note.swift */ = {isa = PBXFileReference; fileEncoding = 4; lastKnownFileType = sourcecode.swift; path = Note.swift; sourceTree = "<group>"; };
		F64C99962201E24700878A3D /* Pagination.swift */ = {isa = PBXFileReference; fileEncoding = 4; lastKnownFileType = sourcecode.swift; path = Pagination.swift; sourceTree = "<group>"; };
		F64C99972201E24700878A3D /* CalendarPeriod.swift */ = {isa = PBXFileReference; fileEncoding = 4; lastKnownFileType = sourcecode.swift; path = CalendarPeriod.swift; sourceTree = "<group>"; };
		F64C99982201E24700878A3D /* Disruption.swift */ = {isa = PBXFileReference; fileEncoding = 4; lastKnownFileType = sourcecode.swift; path = Disruption.swift; sourceTree = "<group>"; };
		F64C99992201E24700878A3D /* PtObject.swift */ = {isa = PBXFileReference; fileEncoding = 4; lastKnownFileType = sourcecode.swift; path = PtObject.swift; sourceTree = "<group>"; };
		F64C999A2201E24700878A3D /* Section.swift */ = {isa = PBXFileReference; fileEncoding = 4; lastKnownFileType = sourcecode.swift; path = Section.swift; sourceTree = "<group>"; };
		F64C999B2201E24700878A3D /* CellLatSchema.swift */ = {isa = PBXFileReference; fileEncoding = 4; lastKnownFileType = sourcecode.swift; path = CellLatSchema.swift; sourceTree = "<group>"; };
		F64C999C2201E24700878A3D /* LineReports.swift */ = {isa = PBXFileReference; fileEncoding = 4; lastKnownFileType = sourcecode.swift; path = LineReports.swift; sourceTree = "<group>"; };
		F64C999D2201E24700878A3D /* DateTimeType.swift */ = {isa = PBXFileReference; fileEncoding = 4; lastKnownFileType = sourcecode.swift; path = DateTimeType.swift; sourceTree = "<group>"; };
		F64C999E2201E24700878A3D /* WeekPattern.swift */ = {isa = PBXFileReference; fileEncoding = 4; lastKnownFileType = sourcecode.swift; path = WeekPattern.swift; sourceTree = "<group>"; };
		F64C999F2201E24700878A3D /* Durations.swift */ = {isa = PBXFileReference; fileEncoding = 4; lastKnownFileType = sourcecode.swift; path = Durations.swift; sourceTree = "<group>"; };
		F64C99A02201E24700878A3D /* CarPark.swift */ = {isa = PBXFileReference; fileEncoding = 4; lastKnownFileType = sourcecode.swift; path = CarPark.swift; sourceTree = "<group>"; };
		F64C99A12201E24700878A3D /* VehicleJourney.swift */ = {isa = PBXFileReference; fileEncoding = 4; lastKnownFileType = sourcecode.swift; path = VehicleJourney.swift; sourceTree = "<group>"; };
		F64C99A22201E24700878A3D /* StopSchedule.swift */ = {isa = PBXFileReference; fileEncoding = 4; lastKnownFileType = sourcecode.swift; path = StopSchedule.swift; sourceTree = "<group>"; };
		F64C99A32201E24700878A3D /* Ticket.swift */ = {isa = PBXFileReference; fileEncoding = 4; lastKnownFileType = sourcecode.swift; path = Ticket.swift; sourceTree = "<group>"; };
		F64C99A42201E24700878A3D /* Companie.swift */ = {isa = PBXFileReference; fileEncoding = 4; lastKnownFileType = sourcecode.swift; path = Companie.swift; sourceTree = "<group>"; };
		F64C99A52201E24700878A3D /* Contributors.swift */ = {isa = PBXFileReference; fileEncoding = 4; lastKnownFileType = sourcecode.swift; path = Contributors.swift; sourceTree = "<group>"; };
		F64C99A62201E24700878A3D /* JourneyPatterns.swift */ = {isa = PBXFileReference; fileEncoding = 4; lastKnownFileType = sourcecode.swift; path = JourneyPatterns.swift; sourceTree = "<group>"; };
		F64C99A72201E24700878A3D /* SectionGeoJsonSchemaProperties.swift */ = {isa = PBXFileReference; fileEncoding = 4; lastKnownFileType = sourcecode.swift; path = SectionGeoJsonSchemaProperties.swift; sourceTree = "<group>"; };
		F64C99A82201E24700878A3D /* ModelError.swift */ = {isa = PBXFileReference; fileEncoding = 4; lastKnownFileType = sourcecode.swift; path = ModelError.swift; sourceTree = "<group>"; };
		F64C99A92201E24700878A3D /* Line.swift */ = {isa = PBXFileReference; fileEncoding = 4; lastKnownFileType = sourcecode.swift; path = Line.swift; sourceTree = "<group>"; };
		F64C99AA2201E24700878A3D /* FeedPublisher.swift */ = {isa = PBXFileReference; fileEncoding = 4; lastKnownFileType = sourcecode.swift; path = FeedPublisher.swift; sourceTree = "<group>"; };
		F64C99AB2201E24700878A3D /* HeatMatrixSchema.swift */ = {isa = PBXFileReference; fileEncoding = 4; lastKnownFileType = sourcecode.swift; path = HeatMatrixSchema.swift; sourceTree = "<group>"; };
		F64C99AC2201E24700878A3D /* CommercialMode.swift */ = {isa = PBXFileReference; fileEncoding = 4; lastKnownFileType = sourcecode.swift; path = CommercialMode.swift; sourceTree = "<group>"; };
		F64C99AD2201E24700878A3D /* StopPoint.swift */ = {isa = PBXFileReference; fileEncoding = 4; lastKnownFileType = sourcecode.swift; path = StopPoint.swift; sourceTree = "<group>"; };
		F64C99AE2201E24700878A3D /* PtObjects.swift */ = {isa = PBXFileReference; fileEncoding = 4; lastKnownFileType = sourcecode.swift; path = PtObjects.swift; sourceTree = "<group>"; };
		F64C99AF2201E24700878A3D /* Poi.swift */ = {isa = PBXFileReference; fileEncoding = 4; lastKnownFileType = sourcecode.swift; path = Poi.swift; sourceTree = "<group>"; };
		F64C99B02201E24700878A3D /* StopArea.swift */ = {isa = PBXFileReference; fileEncoding = 4; lastKnownFileType = sourcecode.swift; path = StopArea.swift; sourceTree = "<group>"; };
		F64C99B12201E24700878A3D /* Row.swift */ = {isa = PBXFileReference; fileEncoding = 4; lastKnownFileType = sourcecode.swift; path = Row.swift; sourceTree = "<group>"; };
		F64C99B22201E24700878A3D /* JourneyPatternPoints.swift */ = {isa = PBXFileReference; fileEncoding = 4; lastKnownFileType = sourcecode.swift; path = JourneyPatternPoints.swift; sourceTree = "<group>"; };
		F64C99B42201E24700878A3D /* StopDateTime.swift */ = {isa = PBXFileReference; fileEncoding = 4; lastKnownFileType = sourcecode.swift; path = StopDateTime.swift; sourceTree = "<group>"; };
		F64C99B52201E24700878A3D /* CalendarException.swift */ = {isa = PBXFileReference; fileEncoding = 4; lastKnownFileType = sourcecode.swift; path = CalendarException.swift; sourceTree = "<group>"; };
		F64C99B62201E24700878A3D /* TrafficReport.swift */ = {isa = PBXFileReference; fileEncoding = 4; lastKnownFileType = sourcecode.swift; path = TrafficReport.swift; sourceTree = "<group>"; };
		F64C99B72201E24700878A3D /* PhysicalModes.swift */ = {isa = PBXFileReference; fileEncoding = 4; lastKnownFileType = sourcecode.swift; path = PhysicalModes.swift; sourceTree = "<group>"; };
		F64C99B82201E24700878A3D /* StopAreas.swift */ = {isa = PBXFileReference; fileEncoding = 4; lastKnownFileType = sourcecode.swift; path = StopAreas.swift; sourceTree = "<group>"; };
		F64C99B92201E24700878A3D /* RouteSchedule.swift */ = {isa = PBXFileReference; fileEncoding = 4; lastKnownFileType = sourcecode.swift; path = RouteSchedule.swift; sourceTree = "<group>"; };
		F64C99BA2201E24700878A3D /* VehicleJourneys.swift */ = {isa = PBXFileReference; fileEncoding = 4; lastKnownFileType = sourcecode.swift; path = VehicleJourneys.swift; sourceTree = "<group>"; };
		F64C99BB2201E24700878A3D /* Fare.swift */ = {isa = PBXFileReference; fileEncoding = 4; lastKnownFileType = sourcecode.swift; path = Fare.swift; sourceTree = "<group>"; };
		F64C99BC2201E24700878A3D /* IndividualInformation.swift */ = {isa = PBXFileReference; fileEncoding = 4; lastKnownFileType = sourcecode.swift; path = IndividualInformation.swift; sourceTree = "<group>"; };
		F64C99BD2201E24700878A3D /* LineGroups.swift */ = {isa = PBXFileReference; fileEncoding = 4; lastKnownFileType = sourcecode.swift; path = LineGroups.swift; sourceTree = "<group>"; };
		F64C99BE2201E24700878A3D /* Coord.swift */ = {isa = PBXFileReference; fileEncoding = 4; lastKnownFileType = sourcecode.swift; path = Coord.swift; sourceTree = "<group>"; };
		F64C99BF2201E24700878A3D /* GeoStatus.swift */ = {isa = PBXFileReference; fileEncoding = 4; lastKnownFileType = sourcecode.swift; path = GeoStatus.swift; sourceTree = "<group>"; };
		F64C99C02201E24700878A3D /* Networks.swift */ = {isa = PBXFileReference; fileEncoding = 4; lastKnownFileType = sourcecode.swift; path = Networks.swift; sourceTree = "<group>"; };
		F64C99C12201E24700878A3D /* Calendar.swift */ = {isa = PBXFileReference; fileEncoding = 4; lastKnownFileType = sourcecode.swift; path = Calendar.swift; sourceTree = "<group>"; };
		F64C99C22201E24700878A3D /* Route.swift */ = {isa = PBXFileReference; fileEncoding = 4; lastKnownFileType = sourcecode.swift; path = Route.swift; sourceTree = "<group>"; };
		F64C99C32201E24700878A3D /* StopSchedules.swift */ = {isa = PBXFileReference; fileEncoding = 4; lastKnownFileType = sourcecode.swift; path = StopSchedules.swift; sourceTree = "<group>"; };
		F64C99C42201E24700878A3D /* Routes.swift */ = {isa = PBXFileReference; fileEncoding = 4; lastKnownFileType = sourcecode.swift; path = Routes.swift; sourceTree = "<group>"; };
		F64C99C52201E24700878A3D /* Datasets.swift */ = {isa = PBXFileReference; fileEncoding = 4; lastKnownFileType = sourcecode.swift; path = Datasets.swift; sourceTree = "<group>"; };
		F64C99C62201E24700878A3D /* Departures.swift */ = {isa = PBXFileReference; fileEncoding = 4; lastKnownFileType = sourcecode.swift; path = Departures.swift; sourceTree = "<group>"; };
		F64C99C72201E24700878A3D /* Cost.swift */ = {isa = PBXFileReference; fileEncoding = 4; lastKnownFileType = sourcecode.swift; path = Cost.swift; sourceTree = "<group>"; };
		F64C99C82201E24700878A3D /* Pois.swift */ = {isa = PBXFileReference; fileEncoding = 4; lastKnownFileType = sourcecode.swift; path = Pois.swift; sourceTree = "<group>"; };
		F64C99C92201E24700878A3D /* LineHeadersSchema.swift */ = {isa = PBXFileReference; fileEncoding = 4; lastKnownFileType = sourcecode.swift; path = LineHeadersSchema.swift; sourceTree = "<group>"; };
		F64C99CA2201E24700878A3D /* Calendars.swift */ = {isa = PBXFileReference; fileEncoding = 4; lastKnownFileType = sourcecode.swift; path = Calendars.swift; sourceTree = "<group>"; };
		F64C99CC2201E24700878A3D /* LinesAPI.swift */ = {isa = PBXFileReference; fileEncoding = 4; lastKnownFileType = sourcecode.swift; path = LinesAPI.swift; sourceTree = "<group>"; };
		F64C99CD2201E24700878A3D /* TrafficReportAPI.swift */ = {isa = PBXFileReference; fileEncoding = 4; lastKnownFileType = sourcecode.swift; path = TrafficReportAPI.swift; sourceTree = "<group>"; };
		F64C99CE2201E24700878A3D /* PlaceUriAPI.swift */ = {isa = PBXFileReference; fileEncoding = 4; lastKnownFileType = sourcecode.swift; path = PlaceUriAPI.swift; sourceTree = "<group>"; };
		F64C99D02201E24700878A3D /* NextArrivalsAPI.swift */ = {isa = PBXFileReference; fileEncoding = 4; lastKnownFileType = sourcecode.swift; path = NextArrivalsAPI.swift; sourceTree = "<group>"; };
		F64C99D12201E24700878A3D /* DisruptionsAPI.swift */ = {isa = PBXFileReference; fileEncoding = 4; lastKnownFileType = sourcecode.swift; path = DisruptionsAPI.swift; sourceTree = "<group>"; };
		F64C99D22201E24700878A3D /* PoisAPI.swift */ = {isa = PBXFileReference; fileEncoding = 4; lastKnownFileType = sourcecode.swift; path = PoisAPI.swift; sourceTree = "<group>"; };
		F64C99D32201E24700878A3D /* JourneyPatternsAPI.swift */ = {isa = PBXFileReference; fileEncoding = 4; lastKnownFileType = sourcecode.swift; path = JourneyPatternsAPI.swift; sourceTree = "<group>"; };
		F64C99D42201E24700878A3D /* CoordsAPI.swift */ = {isa = PBXFileReference; fileEncoding = 4; lastKnownFileType = sourcecode.swift; path = CoordsAPI.swift; sourceTree = "<group>"; };
		F64C99D52201E24700878A3D /* PoiTypesAPI.swift */ = {isa = PBXFileReference; fileEncoding = 4; lastKnownFileType = sourcecode.swift; path = PoiTypesAPI.swift; sourceTree = "<group>"; };
		F64C99D62201E24700878A3D /* NetworksAPI.swift */ = {isa = PBXFileReference; fileEncoding = 4; lastKnownFileType = sourcecode.swift; path = NetworksAPI.swift; sourceTree = "<group>"; };
		F64C99D72201E24700878A3D /* CoverageAPI.swift */ = {isa = PBXFileReference; fileEncoding = 4; lastKnownFileType = sourcecode.swift; path = CoverageAPI.swift; sourceTree = "<group>"; };
		F64C99D82201E24700878A3D /* NextDeparturesAPI.swift */ = {isa = PBXFileReference; fileEncoding = 4; lastKnownFileType = sourcecode.swift; path = NextDeparturesAPI.swift; sourceTree = "<group>"; };
		F64C99D92201E24700878A3D /* StopSchedulesAPI.swift */ = {isa = PBXFileReference; fileEncoding = 4; lastKnownFileType = sourcecode.swift; path = StopSchedulesAPI.swift; sourceTree = "<group>"; };
		F64C99DA2201E24700878A3D /* GeoStatusAPI.swift */ = {isa = PBXFileReference; fileEncoding = 4; lastKnownFileType = sourcecode.swift; path = GeoStatusAPI.swift; sourceTree = "<group>"; };
		F64C99DB2201E24700878A3D /* VehicleJourneysAPI.swift */ = {isa = PBXFileReference; fileEncoding = 4; lastKnownFileType = sourcecode.swift; path = VehicleJourneysAPI.swift; sourceTree = "<group>"; };
		F64C99DC2201E24700878A3D /* CoordAPI.swift */ = {isa = PBXFileReference; fileEncoding = 4; lastKnownFileType = sourcecode.swift; path = CoordAPI.swift; sourceTree = "<group>"; };
		F64C99DD2201E24700878A3D /* HeatMapAPI.swift */ = {isa = PBXFileReference; fileEncoding = 4; lastKnownFileType = sourcecode.swift; path = HeatMapAPI.swift; sourceTree = "<group>"; };
		F64C99DE2201E24700878A3D /* StopPointsAPI.swift */ = {isa = PBXFileReference; fileEncoding = 4; lastKnownFileType = sourcecode.swift; path = StopPointsAPI.swift; sourceTree = "<group>"; };
		F64C99DF2201E24700878A3D /* PtobjectsAPI.swift */ = {isa = PBXFileReference; fileEncoding = 4; lastKnownFileType = sourcecode.swift; path = PtobjectsAPI.swift; sourceTree = "<group>"; };
		F64C99E02201E24700878A3D /* RouteSchedulesAPI.swift */ = {isa = PBXFileReference; fileEncoding = 4; lastKnownFileType = sourcecode.swift; path = RouteSchedulesAPI.swift; sourceTree = "<group>"; };
		F64C99E12201E24700878A3D /* JourneyPatternPointsAPI.swift */ = {isa = PBXFileReference; fileEncoding = 4; lastKnownFileType = sourcecode.swift; path = JourneyPatternPointsAPI.swift; sourceTree = "<group>"; };
		F64C99E22201E24700878A3D /* ContributorsAPI.swift */ = {isa = PBXFileReference; fileEncoding = 4; lastKnownFileType = sourcecode.swift; path = ContributorsAPI.swift; sourceTree = "<group>"; };
		F64C99E32201E24700878A3D /* RoutesAPI.swift */ = {isa = PBXFileReference; fileEncoding = 4; lastKnownFileType = sourcecode.swift; path = RoutesAPI.swift; sourceTree = "<group>"; };
		F64C99E42201E24700878A3D /* AddressesAPI.swift */ = {isa = PBXFileReference; fileEncoding = 4; lastKnownFileType = sourcecode.swift; path = AddressesAPI.swift; sourceTree = "<group>"; };
		F64C99E52201E24700878A3D /* LineGroupsAPI.swift */ = {isa = PBXFileReference; fileEncoding = 4; lastKnownFileType = sourcecode.swift; path = LineGroupsAPI.swift; sourceTree = "<group>"; };
		F64C99E62201E24700878A3D /* StopAreasAPI.swift */ = {isa = PBXFileReference; fileEncoding = 4; lastKnownFileType = sourcecode.swift; path = StopAreasAPI.swift; sourceTree = "<group>"; };
		F64C99E72201E24700878A3D /* PlacesNearbyAPI.swift */ = {isa = PBXFileReference; fileEncoding = 4; lastKnownFileType = sourcecode.swift; path = PlacesNearbyAPI.swift; sourceTree = "<group>"; };
		F64C99E82201E24700878A3D /* PlacesAPI.swift */ = {isa = PBXFileReference; fileEncoding = 4; lastKnownFileType = sourcecode.swift; path = PlacesAPI.swift; sourceTree = "<group>"; };
		F64C99E92201E24700878A3D /* DatasetsAPI.swift */ = {isa = PBXFileReference; fileEncoding = 4; lastKnownFileType = sourcecode.swift; path = DatasetsAPI.swift; sourceTree = "<group>"; };
		F64C99EA2201E24700878A3D /* LineReportsAPI.swift */ = {isa = PBXFileReference; fileEncoding = 4; lastKnownFileType = sourcecode.swift; path = LineReportsAPI.swift; sourceTree = "<group>"; };
		F64C99EB2201E24700878A3D /* CommercialModesAPI.swift */ = {isa = PBXFileReference; fileEncoding = 4; lastKnownFileType = sourcecode.swift; path = CommercialModesAPI.swift; sourceTree = "<group>"; };
		F64C99EC2201E24700878A3D /* JourneysAPI.swift */ = {isa = PBXFileReference; fileEncoding = 4; lastKnownFileType = sourcecode.swift; path = JourneysAPI.swift; sourceTree = "<group>"; };
		F64C99ED2201E24700878A3D /* TripsAPI.swift */ = {isa = PBXFileReference; fileEncoding = 4; lastKnownFileType = sourcecode.swift; path = TripsAPI.swift; sourceTree = "<group>"; };
		F64C99EE2201E24700878A3D /* PhysicalModesAPI.swift */ = {isa = PBXFileReference; fileEncoding = 4; lastKnownFileType = sourcecode.swift; path = PhysicalModesAPI.swift; sourceTree = "<group>"; };
		F64C99EF2201E24700878A3D /* CompaniesAPI.swift */ = {isa = PBXFileReference; fileEncoding = 4; lastKnownFileType = sourcecode.swift; path = CompaniesAPI.swift; sourceTree = "<group>"; };
		F64C99F02201E24700878A3D /* CalendarsAPI.swift */ = {isa = PBXFileReference; fileEncoding = 4; lastKnownFileType = sourcecode.swift; path = CalendarsAPI.swift; sourceTree = "<group>"; };
		F64C99F12201E24700878A3D /* AlamofireImplementations.swift */ = {isa = PBXFileReference; fileEncoding = 4; lastKnownFileType = sourcecode.swift; path = AlamofireImplementations.swift; sourceTree = "<group>"; };
		F64C99F22201E24700878A3D /* CodableHelper.swift */ = {isa = PBXFileReference; fileEncoding = 4; lastKnownFileType = sourcecode.swift; path = CodableHelper.swift; sourceTree = "<group>"; };
		F64C99F32201E24700878A3D /* APIs.swift */ = {isa = PBXFileReference; fileEncoding = 4; lastKnownFileType = sourcecode.swift; path = APIs.swift; sourceTree = "<group>"; };
		F656715A22045348007A8E6E /* TaskDelegate.swift */ = {isa = PBXFileReference; fileEncoding = 4; lastKnownFileType = sourcecode.swift; path = TaskDelegate.swift; sourceTree = "<group>"; };
		F656715B22045348007A8E6E /* MultipartFormData.swift */ = {isa = PBXFileReference; fileEncoding = 4; lastKnownFileType = sourcecode.swift; path = MultipartFormData.swift; sourceTree = "<group>"; };
		F656715C22045348007A8E6E /* NetworkReachabilityManager.swift */ = {isa = PBXFileReference; fileEncoding = 4; lastKnownFileType = sourcecode.swift; path = NetworkReachabilityManager.swift; sourceTree = "<group>"; };
		F656715D22045348007A8E6E /* Timeline.swift */ = {isa = PBXFileReference; fileEncoding = 4; lastKnownFileType = sourcecode.swift; path = Timeline.swift; sourceTree = "<group>"; };
		F656715E22045348007A8E6E /* DispatchQueue+Alamofire.swift */ = {isa = PBXFileReference; fileEncoding = 4; lastKnownFileType = sourcecode.swift; path = "DispatchQueue+Alamofire.swift"; sourceTree = "<group>"; };
		F656715F22045348007A8E6E /* Result.swift */ = {isa = PBXFileReference; fileEncoding = 4; lastKnownFileType = sourcecode.swift; path = Result.swift; sourceTree = "<group>"; };
		F656716022045348007A8E6E /* ParameterEncoding.swift */ = {isa = PBXFileReference; fileEncoding = 4; lastKnownFileType = sourcecode.swift; path = ParameterEncoding.swift; sourceTree = "<group>"; };
		F656716122045348007A8E6E /* AFError.swift */ = {isa = PBXFileReference; fileEncoding = 4; lastKnownFileType = sourcecode.swift; path = AFError.swift; sourceTree = "<group>"; };
		F656716222045348007A8E6E /* Validation.swift */ = {isa = PBXFileReference; fileEncoding = 4; lastKnownFileType = sourcecode.swift; path = Validation.swift; sourceTree = "<group>"; };
		F656716322045348007A8E6E /* Notifications.swift */ = {isa = PBXFileReference; fileEncoding = 4; lastKnownFileType = sourcecode.swift; path = Notifications.swift; sourceTree = "<group>"; };
		F656716422045348007A8E6E /* Response.swift */ = {isa = PBXFileReference; fileEncoding = 4; lastKnownFileType = sourcecode.swift; path = Response.swift; sourceTree = "<group>"; };
		F656716522045348007A8E6E /* Alamofire.swift */ = {isa = PBXFileReference; fileEncoding = 4; lastKnownFileType = sourcecode.swift; path = Alamofire.swift; sourceTree = "<group>"; };
		F656716622045348007A8E6E /* Request.swift */ = {isa = PBXFileReference; fileEncoding = 4; lastKnownFileType = sourcecode.swift; path = Request.swift; sourceTree = "<group>"; };
		F656716722045348007A8E6E /* SessionManager.swift */ = {isa = PBXFileReference; fileEncoding = 4; lastKnownFileType = sourcecode.swift; path = SessionManager.swift; sourceTree = "<group>"; };
		F656716822045348007A8E6E /* ResponseSerialization.swift */ = {isa = PBXFileReference; fileEncoding = 4; lastKnownFileType = sourcecode.swift; path = ResponseSerialization.swift; sourceTree = "<group>"; };
		F656716922045348007A8E6E /* Alamofire.h */ = {isa = PBXFileReference; fileEncoding = 4; lastKnownFileType = sourcecode.c.h; path = Alamofire.h; sourceTree = "<group>"; };
		F656716A22045348007A8E6E /* ServerTrustPolicy.swift */ = {isa = PBXFileReference; fileEncoding = 4; lastKnownFileType = sourcecode.swift; path = ServerTrustPolicy.swift; sourceTree = "<group>"; };
		F656716B22045348007A8E6E /* SessionDelegate.swift */ = {isa = PBXFileReference; fileEncoding = 4; lastKnownFileType = sourcecode.swift; path = SessionDelegate.swift; sourceTree = "<group>"; };
/* End PBXFileReference section */

/* Begin PBXFrameworksBuildPhase section */
		04E429D61F73A3BA004B23A3 /* Frameworks */ = {
			isa = PBXFrameworksBuildPhase;
			buildActionMask = 2147483647;
			files = (
			);
			runOnlyForDeploymentPostprocessing = 0;
		};
/* End PBXFrameworksBuildPhase section */

/* Begin PBXGroup section */
		04E429D01F73A3BA004B23A3 = {
			isa = PBXGroup;
			children = (
				04E429DC1F73A3BA004B23A3 /* NavitiaSDK */,
				04E429DB1F73A3BA004B23A3 /* Products */,
			);
			sourceTree = "<group>";
		};
		04E429DB1F73A3BA004B23A3 /* Products */ = {
			isa = PBXGroup;
			children = (
				04E429DA1F73A3BA004B23A3 /* NavitiaSDK.framework */,
			);
			name = Products;
			sourceTree = "<group>";
		};
		04E429DC1F73A3BA004B23A3 /* NavitiaSDK */ = {
			isa = PBXGroup;
			children = (
				F656715922045348007A8E6E /* Alamofire */,
				F64C99442201E1D900878A3D /* Swaggers */,
				04E429DD1F73A3BA004B23A3 /* NavitiaSDK.h */,
				04E429DE1F73A3BA004B23A3 /* Info.plist */,
			);
			path = NavitiaSDK;
			sourceTree = "<group>";
		};
		F64C99442201E1D900878A3D /* Swaggers */ = {
			isa = PBXGroup;
			children = (
				F64C99CB2201E24700878A3D /* APIs */,
				F64C994B2201E24700878A3D /* Models */,
				F64C99F12201E24700878A3D /* AlamofireImplementations.swift */,
				F64C99462201E24600878A3D /* APIHelper.swift */,
				F64C99F32201E24700878A3D /* APIs.swift */,
				F64C99F22201E24700878A3D /* CodableHelper.swift */,
				F64C994A2201E24600878A3D /* Configuration.swift */,
				F64C99482201E24600878A3D /* Extensions.swift */,
				F64C99472201E24600878A3D /* JSONEncodableEncoding.swift */,
				F64C99492201E24600878A3D /* JSONEncodingHelper.swift */,
				F64C99452201E24600878A3D /* Models.swift */,
			);
			path = Swaggers;
			sourceTree = "<group>";
		};
		F64C994B2201E24700878A3D /* Models */ = {
			isa = PBXGroup;
			children = (
				F64C994C2201E24700878A3D /* Passage.swift */,
				F64C994D2201E24700878A3D /* Impacted.swift */,
				F64C994E2201E24700878A3D /* DisruptionProperty.swift */,
				F64C994F2201E24700878A3D /* Amount.swift */,
				F64C99502201E24700878A3D /* CommercialModes.swift */,
				F64C99512201E24700878A3D /* Arrivals.swift */,
				F64C99522201E24700878A3D /* CoverageError.swift */,
				F64C99532201E24700878A3D /* VJDisplayInformation.swift */,
				F64C99542201E24700878A3D /* FareZone.swift */,
				F64C99552201E24700878A3D /* LineGroup.swift */,
				F64C99562201E24700878A3D /* Journey.swift */,
				F64C99572201E24700878A3D /* Coverages.swift */,
				F64C99582201E24700878A3D /* SeatsDescription.swift */,
				F64C99592201E24700878A3D /* JourneyPatternPoint.swift */,
				F64C995A2201E24700878A3D /* LinesSchema.swift */,
				F64C995B2201E24700878A3D /* Period.swift */,
				F64C995C2201E24700878A3D /* Severity.swift */,
				F64C995D2201E24700878A3D /* CellLonSchema.swift */,
				F64C995E2201E24700878A3D /* JourneyDebug.swift */,
				F64C995F2201E24700878A3D /* Property.swift */,
				F64C99602201E24700878A3D /* RouteDisplayInformation.swift */,
				F64C99612201E24700878A3D /* Address.swift */,
				F64C99622201E24700878A3D /* PhysicalMode.swift */,
				F64C99632201E24700878A3D /* ValidityPattern.swift */,
				F64C99642201E24700878A3D /* StopTime.swift */,
				F64C99652201E24700878A3D /* Comment.swift */,
				F64C99662201E24700878A3D /* Companies.swift */,
				F64C99672201E24700878A3D /* LinkSchema.swift */,
				F64C99682201E24700878A3D /* Journeys.swift */,
				F64C99692201E24700878A3D /* Places.swift */,
				F64C996A2201E24700878A3D /* HeatMap.swift */,
				F64C996C2201E24700878A3D /* SectionGeoJsonSchema.swift */,
				F64C996D2201E24700878A3D /* Trip.swift */,
				F64C996E2201E24700878A3D /* ImpactedStop.swift */,
				F64C996F2201E24700878A3D /* Distances.swift */,
				F64C99702201E24700878A3D /* Disruptions.swift */,
				F64C99712201E24700878A3D /* StopPoints.swift */,
				F64C99722201E24700878A3D /* HeatMap1.swift */,
				F64C99732201E24700878A3D /* CO2.swift */,
				F64C99742201E24700878A3D /* ImpactedSection.swift */,
				F64C99752201E24700878A3D /* PoiTypes.swift */,
				F64C99762201E24700878A3D /* Coverage.swift */,
				F64C99772201E24700878A3D /* Message.swift */,
				F64C99782201E24700878A3D /* Place.swift */,
				F64C99792201E24700878A3D /* Contributor.swift */,
				F64C997A2201E24700878A3D /* Channel.swift */,
				F64C997B2201E24700878A3D /* Network.swift */,
				F64C997C2201E24700878A3D /* LineReport.swift */,
				F64C997D2201E24700878A3D /* GeoStatus1.swift */,
				F64C997E2201E24700878A3D /* Admin.swift */,
				F64C997F2201E24700878A3D /* PlacesNearby.swift */,
				F64C99802201E24700878A3D /* PlaceNearby.swift */,
				F64C99812201E24700878A3D /* Table.swift */,
				F64C99822201E24700878A3D /* PoiType.swift */,
				F64C99832201E24700878A3D /* BetaEndpoints.swift */,
				F64C99842201E24700878A3D /* TrafficReports.swift */,
				F64C99852201E24700878A3D /* Lines.swift */,
				F64C99862201E24700878A3D /* Exception.swift */,
				F64C99882201E24700878A3D /* RouteSchedules.swift */,
				F64C99892201E24700878A3D /* MultiLineStringSchema.swift */,
				F64C998A2201E24700878A3D /* Code.swift */,
				F64C998B2201E24700878A3D /* Trips.swift */,
				F64C998C2201E24700878A3D /* DictAddresses.swift */,
				F64C998D2201E24700878A3D /* RidesharingInformation.swift */,
				F64C998E2201E24700878A3D /* JourneyPattern.swift */,
				F64C998F2201E24700878A3D /* Stands.swift */,
				F64C99902201E24700878A3D /* Dataset.swift */,
				F64C99912201E24700878A3D /* Path.swift */,
				F64C99922201E24700878A3D /* Context.swift */,
				F64C99932201E24700878A3D /* Header.swift */,
				F64C99942201E24700878A3D /* IndividualRating.swift */,
				F64C99952201E24700878A3D /* Note.swift */,
				F64C99962201E24700878A3D /* Pagination.swift */,
				F64C99972201E24700878A3D /* CalendarPeriod.swift */,
				F64C99982201E24700878A3D /* Disruption.swift */,
				F64C99992201E24700878A3D /* PtObject.swift */,
				F64C999A2201E24700878A3D /* Section.swift */,
				F64C999B2201E24700878A3D /* CellLatSchema.swift */,
				F64C999C2201E24700878A3D /* LineReports.swift */,
				F64C999D2201E24700878A3D /* DateTimeType.swift */,
				F64C999E2201E24700878A3D /* WeekPattern.swift */,
				F64C999F2201E24700878A3D /* Durations.swift */,
				F64C99A02201E24700878A3D /* CarPark.swift */,
				F64C99A12201E24700878A3D /* VehicleJourney.swift */,
				F64C99A22201E24700878A3D /* StopSchedule.swift */,
				F64C99A32201E24700878A3D /* Ticket.swift */,
				F64C99A42201E24700878A3D /* Companie.swift */,
				F64C99A52201E24700878A3D /* Contributors.swift */,
				F64C99A62201E24700878A3D /* JourneyPatterns.swift */,
				F64C99A72201E24700878A3D /* SectionGeoJsonSchemaProperties.swift */,
				F64C99A82201E24700878A3D /* ModelError.swift */,
				F64C99A92201E24700878A3D /* Line.swift */,
				F64C99AA2201E24700878A3D /* FeedPublisher.swift */,
				F64C99AB2201E24700878A3D /* HeatMatrixSchema.swift */,
				F64C99AC2201E24700878A3D /* CommercialMode.swift */,
				F64C99AD2201E24700878A3D /* StopPoint.swift */,
				F64C99AE2201E24700878A3D /* PtObjects.swift */,
				F64C99AF2201E24700878A3D /* Poi.swift */,
				F64C99B02201E24700878A3D /* StopArea.swift */,
				F64C99B12201E24700878A3D /* Row.swift */,
				F64C99B22201E24700878A3D /* JourneyPatternPoints.swift */,
				F64C99B42201E24700878A3D /* StopDateTime.swift */,
				F64C99B52201E24700878A3D /* CalendarException.swift */,
				F64C99B62201E24700878A3D /* TrafficReport.swift */,
				F64C99B72201E24700878A3D /* PhysicalModes.swift */,
				F64C99B82201E24700878A3D /* StopAreas.swift */,
				F64C99B92201E24700878A3D /* RouteSchedule.swift */,
				F64C99BA2201E24700878A3D /* VehicleJourneys.swift */,
				F64C99BB2201E24700878A3D /* Fare.swift */,
				F64C99BC2201E24700878A3D /* IndividualInformation.swift */,
				F64C99BD2201E24700878A3D /* LineGroups.swift */,
				F64C99BE2201E24700878A3D /* Coord.swift */,
				F64C99BF2201E24700878A3D /* GeoStatus.swift */,
				F64C99C02201E24700878A3D /* Networks.swift */,
				F64C99C12201E24700878A3D /* Calendar.swift */,
				F64C99C22201E24700878A3D /* Route.swift */,
				F64C99C32201E24700878A3D /* StopSchedules.swift */,
				F64C99C42201E24700878A3D /* Routes.swift */,
				F64C99C52201E24700878A3D /* Datasets.swift */,
				F64C99C62201E24700878A3D /* Departures.swift */,
				F64C99C72201E24700878A3D /* Cost.swift */,
				F64C99C82201E24700878A3D /* Pois.swift */,
				F64C99C92201E24700878A3D /* LineHeadersSchema.swift */,
				F64C99CA2201E24700878A3D /* Calendars.swift */,
			);
			path = Models;
			sourceTree = "<group>";
		};
		F64C99CB2201E24700878A3D /* APIs */ = {
			isa = PBXGroup;
			children = (
				F64C99CC2201E24700878A3D /* LinesAPI.swift */,
				F64C99CD2201E24700878A3D /* TrafficReportAPI.swift */,
				F64C99CE2201E24700878A3D /* PlaceUriAPI.swift */,
				F64C99D02201E24700878A3D /* NextArrivalsAPI.swift */,
				F64C99D12201E24700878A3D /* DisruptionsAPI.swift */,
				F64C99D22201E24700878A3D /* PoisAPI.swift */,
				F64C99D32201E24700878A3D /* JourneyPatternsAPI.swift */,
				F64C99D42201E24700878A3D /* CoordsAPI.swift */,
				F64C99D52201E24700878A3D /* PoiTypesAPI.swift */,
				F64C99D62201E24700878A3D /* NetworksAPI.swift */,
				F64C99D72201E24700878A3D /* CoverageAPI.swift */,
				F64C99D82201E24700878A3D /* NextDeparturesAPI.swift */,
				F64C99D92201E24700878A3D /* StopSchedulesAPI.swift */,
				F64C99DA2201E24700878A3D /* GeoStatusAPI.swift */,
				F64C99DB2201E24700878A3D /* VehicleJourneysAPI.swift */,
				F64C99DC2201E24700878A3D /* CoordAPI.swift */,
				F64C99DD2201E24700878A3D /* HeatMapAPI.swift */,
				F64C99DE2201E24700878A3D /* StopPointsAPI.swift */,
				F64C99DF2201E24700878A3D /* PtobjectsAPI.swift */,
				F64C99E02201E24700878A3D /* RouteSchedulesAPI.swift */,
				F64C99E12201E24700878A3D /* JourneyPatternPointsAPI.swift */,
				F64C99E22201E24700878A3D /* ContributorsAPI.swift */,
				F64C99E32201E24700878A3D /* RoutesAPI.swift */,
				F64C99E42201E24700878A3D /* AddressesAPI.swift */,
				F64C99E52201E24700878A3D /* LineGroupsAPI.swift */,
				F64C99E62201E24700878A3D /* StopAreasAPI.swift */,
				F64C99E72201E24700878A3D /* PlacesNearbyAPI.swift */,
				F64C99E82201E24700878A3D /* PlacesAPI.swift */,
				F64C99E92201E24700878A3D /* DatasetsAPI.swift */,
				F64C99EA2201E24700878A3D /* LineReportsAPI.swift */,
				F64C99EB2201E24700878A3D /* CommercialModesAPI.swift */,
				F64C99EC2201E24700878A3D /* JourneysAPI.swift */,
				F64C99ED2201E24700878A3D /* TripsAPI.swift */,
				F64C99EE2201E24700878A3D /* PhysicalModesAPI.swift */,
				F64C99EF2201E24700878A3D /* CompaniesAPI.swift */,
				F64C99F02201E24700878A3D /* CalendarsAPI.swift */,
			);
			path = APIs;
			sourceTree = "<group>";
		};
		F656715922045348007A8E6E /* Alamofire */ = {
			isa = PBXGroup;
			children = (
				F656715A22045348007A8E6E /* TaskDelegate.swift */,
				F656715B22045348007A8E6E /* MultipartFormData.swift */,
				F656715C22045348007A8E6E /* NetworkReachabilityManager.swift */,
				F656715D22045348007A8E6E /* Timeline.swift */,
				F656715E22045348007A8E6E /* DispatchQueue+Alamofire.swift */,
				F656715F22045348007A8E6E /* Result.swift */,
				F656716022045348007A8E6E /* ParameterEncoding.swift */,
				F656716122045348007A8E6E /* AFError.swift */,
				F656716222045348007A8E6E /* Validation.swift */,
				F656716322045348007A8E6E /* Notifications.swift */,
				F656716422045348007A8E6E /* Response.swift */,
				F656716522045348007A8E6E /* Alamofire.swift */,
				F656716622045348007A8E6E /* Request.swift */,
				F656716722045348007A8E6E /* SessionManager.swift */,
				F656716822045348007A8E6E /* ResponseSerialization.swift */,
				F656716922045348007A8E6E /* Alamofire.h */,
				F656716A22045348007A8E6E /* ServerTrustPolicy.swift */,
				F656716B22045348007A8E6E /* SessionDelegate.swift */,
			);
			path = Alamofire;
			sourceTree = "<group>";
		};
/* End PBXGroup section */

/* Begin PBXHeadersBuildPhase section */
		04E429D71F73A3BA004B23A3 /* Headers */ = {
			isa = PBXHeadersBuildPhase;
			buildActionMask = 2147483647;
			files = (
				04E429DF1F73A3BA004B23A3 /* NavitiaSDK.h in Headers */,
				F656717B22045348007A8E6E /* Alamofire.h in Headers */,
			);
			runOnlyForDeploymentPostprocessing = 0;
		};
/* End PBXHeadersBuildPhase section */

/* Begin PBXNativeTarget section */
		04E429D91F73A3BA004B23A3 /* NavitiaSDK */ = {
			isa = PBXNativeTarget;
			buildConfigurationList = 04E429E21F73A3BA004B23A3 /* Build configuration list for PBXNativeTarget "NavitiaSDK" */;
			buildPhases = (
				04E429D51F73A3BA004B23A3 /* Sources */,
				04E429D61F73A3BA004B23A3 /* Frameworks */,
				04E429D71F73A3BA004B23A3 /* Headers */,
				04E429D81F73A3BA004B23A3 /* Resources */,
			);
			buildRules = (
			);
			dependencies = (
			);
			name = NavitiaSDK;
			productName = NavitiaSDK;
			productReference = 04E429DA1F73A3BA004B23A3 /* NavitiaSDK.framework */;
			productType = "com.apple.product-type.framework";
		};
/* End PBXNativeTarget section */

/* Begin PBXProject section */
		04E429D11F73A3BA004B23A3 /* Project object */ = {
			isa = PBXProject;
			attributes = {
				LastUpgradeCheck = 1010;
				ORGANIZATIONNAME = "Kisio Digital";
				TargetAttributes = {
					04E429D91F73A3BA004B23A3 = {
						CreatedOnToolsVersion = 8.3.3;
						LastSwiftMigration = 1010;
						ProvisioningStyle = Automatic;
					};
				};
			};
			buildConfigurationList = 04E429D41F73A3BA004B23A3 /* Build configuration list for PBXProject "NavitiaSDK" */;
			compatibilityVersion = "Xcode 3.2";
			developmentRegion = English;
			hasScannedForEncodings = 0;
			knownRegions = (
				en,
			);
			mainGroup = 04E429D01F73A3BA004B23A3;
			productRefGroup = 04E429DB1F73A3BA004B23A3 /* Products */;
			projectDirPath = "";
			projectRoot = "";
			targets = (
				04E429D91F73A3BA004B23A3 /* NavitiaSDK */,
			);
		};
/* End PBXProject section */

/* Begin PBXResourcesBuildPhase section */
		04E429D81F73A3BA004B23A3 /* Resources */ = {
			isa = PBXResourcesBuildPhase;
			buildActionMask = 2147483647;
			files = (
			);
			runOnlyForDeploymentPostprocessing = 0;
		};
/* End PBXResourcesBuildPhase section */

/* Begin PBXSourcesBuildPhase section */
		04E429D51F73A3BA004B23A3 /* Sources */ = {
			isa = PBXSourcesBuildPhase;
			buildActionMask = 2147483647;
			files = (
				F64C9A482201E24800878A3D /* Section.swift in Sources */,
				F64C9A912201E24800878A3D /* AddressesAPI.swift in Sources */,
				F656717322045348007A8E6E /* AFError.swift in Sources */,
				F64C9A112201E24800878A3D /* ValidityPattern.swift in Sources */,
				F656717622045348007A8E6E /* Response.swift in Sources */,
				F64C9A5B2201E24800878A3D /* StopPoint.swift in Sources */,
				F64C9A8B2201E24800878A3D /* StopPointsAPI.swift in Sources */,
				F64C9A7B2201E24800878A3D /* PlaceUriAPI.swift in Sources */,
				F64C9A522201E24800878A3D /* Companie.swift in Sources */,
				F64C9A372201E24800878A3D /* MultiLineStringSchema.swift in Sources */,
				F64C9A4A2201E24800878A3D /* LineReports.swift in Sources */,
				F64C9A0B2201E24800878A3D /* CellLonSchema.swift in Sources */,
				F64C9A4D2201E24800878A3D /* Durations.swift in Sources */,
				F64C9A212201E24800878A3D /* CO2.swift in Sources */,
				F64C9A5C2201E24800878A3D /* PtObjects.swift in Sources */,
				F64C9A6E2201E24800878A3D /* Networks.swift in Sources */,
				F64C9A772201E24800878A3D /* LineHeadersSchema.swift in Sources */,
				F64C9A382201E24800878A3D /* Code.swift in Sources */,
				F64C9A072201E24800878A3D /* JourneyPatternPoint.swift in Sources */,
				F656717A22045348007A8E6E /* ResponseSerialization.swift in Sources */,
				F64C99FC2201E24800878A3D /* DisruptionProperty.swift in Sources */,
				F64C9A842201E24800878A3D /* CoverageAPI.swift in Sources */,
				F64C9A592201E24800878A3D /* HeatMatrixSchema.swift in Sources */,
				F64C99FB2201E24800878A3D /* Impacted.swift in Sources */,
				F64C9A422201E24800878A3D /* IndividualRating.swift in Sources */,
				F64C9A952201E24800878A3D /* PlacesAPI.swift in Sources */,
				F64C9A662201E24800878A3D /* StopAreas.swift in Sources */,
				F656717022045348007A8E6E /* DispatchQueue+Alamofire.swift in Sources */,
				F656717722045348007A8E6E /* Alamofire.swift in Sources */,
				F64C9A9E2201E24800878A3D /* AlamofireImplementations.swift in Sources */,
				F64C9A4C2201E24800878A3D /* WeekPattern.swift in Sources */,
				F656717422045348007A8E6E /* Validation.swift in Sources */,
				F64C9A2F2201E24800878A3D /* Table.swift in Sources */,
				F64C9A932201E24800878A3D /* StopAreasAPI.swift in Sources */,
				F64C9A302201E24800878A3D /* PoiType.swift in Sources */,
				F64C9A1C2201E24800878A3D /* ImpactedStop.swift in Sources */,
				F656716E22045348007A8E6E /* NetworkReachabilityManager.swift in Sources */,
				F64C9A252201E24800878A3D /* Message.swift in Sources */,
				F656716F22045348007A8E6E /* Timeline.swift in Sources */,
				F64C9A0A2201E24800878A3D /* Severity.swift in Sources */,
				F64C9A692201E24800878A3D /* Fare.swift in Sources */,
				F64C9A862201E24800878A3D /* StopSchedulesAPI.swift in Sources */,
				F64C9A852201E24800878A3D /* NextDeparturesAPI.swift in Sources */,
				F64C9A262201E24800878A3D /* Place.swift in Sources */,
				F64C9A3F2201E24800878A3D /* Path.swift in Sources */,
				F64C99F92201E24800878A3D /* Configuration.swift in Sources */,
				F64C9A8E2201E24800878A3D /* JourneyPatternPointsAPI.swift in Sources */,
				F656717C22045348007A8E6E /* ServerTrustPolicy.swift in Sources */,
				F64C9A0F2201E24800878A3D /* Address.swift in Sources */,
				F64C9A0D2201E24800878A3D /* Property.swift in Sources */,
				F64C9A632201E24800878A3D /* CalendarException.swift in Sources */,
				F64C9A602201E24800878A3D /* JourneyPatternPoints.swift in Sources */,
				F64C9A162201E24800878A3D /* Journeys.swift in Sources */,
				F64C9A452201E24800878A3D /* CalendarPeriod.swift in Sources */,
				F64C9A732201E24800878A3D /* Datasets.swift in Sources */,
				F656717822045348007A8E6E /* Request.swift in Sources */,
				F64C9A022201E24800878A3D /* FareZone.swift in Sources */,
				F656717D22045348007A8E6E /* SessionDelegate.swift in Sources */,
				F64C9A7A2201E24800878A3D /* TrafficReportAPI.swift in Sources */,
				F64C9A7D2201E24800878A3D /* NextArrivalsAPI.swift in Sources */,
				F64C99FE2201E24800878A3D /* CommercialModes.swift in Sources */,
				F64C9A392201E24800878A3D /* Trips.swift in Sources */,
				F64C9A572201E24800878A3D /* Line.swift in Sources */,
				F64C9A3E2201E24800878A3D /* Dataset.swift in Sources */,
				F64C9A052201E24800878A3D /* Coverages.swift in Sources */,
				F64C9A7F2201E24800878A3D /* PoisAPI.swift in Sources */,
				F64C9A942201E24800878A3D /* PlacesNearbyAPI.swift in Sources */,
				F64C9A362201E24800878A3D /* RouteSchedules.swift in Sources */,
				F64C9A2E2201E24800878A3D /* PlaceNearby.swift in Sources */,
				F64C9A2A2201E24800878A3D /* LineReport.swift in Sources */,
				F64C9A6F2201E24800878A3D /* Calendar.swift in Sources */,
				F64C9A962201E24800878A3D /* DatasetsAPI.swift in Sources */,
				F64C9A342201E24800878A3D /* Exception.swift in Sources */,
				F64C9A642201E24800878A3D /* TrafficReport.swift in Sources */,
				F64C9A622201E24800878A3D /* StopDateTime.swift in Sources */,
				F64C9A812201E24800878A3D /* CoordsAPI.swift in Sources */,
				F64C9A702201E24800878A3D /* Route.swift in Sources */,
				F64C9A042201E24800878A3D /* Journey.swift in Sources */,
				F64C9A722201E24800878A3D /* Routes.swift in Sources */,
				F64C9A2C2201E24800878A3D /* Admin.swift in Sources */,
				F64C9A582201E24800878A3D /* FeedPublisher.swift in Sources */,
				F64C9A492201E24800878A3D /* CellLatSchema.swift in Sources */,
				F64C9A2B2201E24800878A3D /* GeoStatus1.swift in Sources */,
				F64C9A3C2201E24800878A3D /* JourneyPattern.swift in Sources */,
				F64C9A872201E24800878A3D /* GeoStatusAPI.swift in Sources */,
				F64C9A502201E24800878A3D /* StopSchedule.swift in Sources */,
				F64C9A102201E24800878A3D /* PhysicalMode.swift in Sources */,
				F64C99F62201E24800878A3D /* JSONEncodableEncoding.swift in Sources */,
				F64C9A1F2201E24800878A3D /* StopPoints.swift in Sources */,
				F656717122045348007A8E6E /* Result.swift in Sources */,
				F64C9A062201E24800878A3D /* SeatsDescription.swift in Sources */,
				F64C9A9B2201E24800878A3D /* PhysicalModesAPI.swift in Sources */,
				F64C9A972201E24800878A3D /* LineReportsAPI.swift in Sources */,
				F64C9A122201E24800878A3D /* StopTime.swift in Sources */,
				F64C9A4B2201E24800878A3D /* DateTimeType.swift in Sources */,
				F64C9A142201E24800878A3D /* Companies.swift in Sources */,
				F64C9A412201E24800878A3D /* Header.swift in Sources */,
				F64C9A752201E24800878A3D /* Cost.swift in Sources */,
				F656717922045348007A8E6E /* SessionManager.swift in Sources */,
				F64C9A3B2201E24800878A3D /* RidesharingInformation.swift in Sources */,
				F64C9A982201E24800878A3D /* CommercialModesAPI.swift in Sources */,
				F64C9A8C2201E24800878A3D /* PtobjectsAPI.swift in Sources */,
				F64C9A742201E24800878A3D /* Departures.swift in Sources */,
				F64C9A1B2201E24800878A3D /* Trip.swift in Sources */,
				F64C9A6D2201E24800878A3D /* GeoStatus.swift in Sources */,
				F64C9A782201E24800878A3D /* Calendars.swift in Sources */,
				F64C9A552201E24800878A3D /* SectionGeoJsonSchemaProperties.swift in Sources */,
				F64C9A9A2201E24800878A3D /* TripsAPI.swift in Sources */,
				F64C9A012201E24800878A3D /* VJDisplayInformation.swift in Sources */,
				F64C9A332201E24800878A3D /* Lines.swift in Sources */,
				F64C99F52201E24800878A3D /* APIHelper.swift in Sources */,
				F64C9A9D2201E24800878A3D /* CalendarsAPI.swift in Sources */,
				F64C9A922201E24800878A3D /* LineGroupsAPI.swift in Sources */,
				F64C9A822201E24800878A3D /* PoiTypesAPI.swift in Sources */,
				F64C9A182201E24800878A3D /* HeatMap.swift in Sources */,
				F64C9A092201E24800878A3D /* Period.swift in Sources */,
				F64C9A562201E24800878A3D /* ModelError.swift in Sources */,
				F64C9A992201E24800878A3D /* JourneysAPI.swift in Sources */,
				F64C9A9F2201E24800878A3D /* CodableHelper.swift in Sources */,
				F64C9A1A2201E24800878A3D /* SectionGeoJsonSchema.swift in Sources */,
				F64C9A532201E24800878A3D /* Contributors.swift in Sources */,
				F64C9A682201E24800878A3D /* VehicleJourneys.swift in Sources */,
				F64C9A6B2201E24800878A3D /* LineGroups.swift in Sources */,
				F64C9A7E2201E24800878A3D /* DisruptionsAPI.swift in Sources */,
				F64C9A3A2201E24800878A3D /* DictAddresses.swift in Sources */,
				F64C9A6A2201E24800878A3D /* IndividualInformation.swift in Sources */,
				F64C9A0E2201E24800878A3D /* RouteDisplayInformation.swift in Sources */,
				F64C99FD2201E24800878A3D /* Amount.swift in Sources */,
				F656716C22045348007A8E6E /* TaskDelegate.swift in Sources */,
				F64C99F42201E24800878A3D /* Models.swift in Sources */,
				F64C9A462201E24800878A3D /* Disruption.swift in Sources */,
				F64C9A312201E24800878A3D /* BetaEndpoints.swift in Sources */,
				F64C9A4F2201E24800878A3D /* VehicleJourney.swift in Sources */,
				F64C9A8F2201E24800878A3D /* ContributorsAPI.swift in Sources */,
				F64C9A0C2201E24800878A3D /* JourneyDebug.swift in Sources */,
				F64C9A4E2201E24800878A3D /* CarPark.swift in Sources */,
				F64C9A802201E24800878A3D /* JourneyPatternsAPI.swift in Sources */,
				F64C9A712201E24800878A3D /* StopSchedules.swift in Sources */,
				F64C99F82201E24800878A3D /* JSONEncodingHelper.swift in Sources */,
				F64C9A082201E24800878A3D /* LinesSchema.swift in Sources */,
				F64C99FF2201E24800878A3D /* Arrivals.swift in Sources */,
				F64C9A322201E24800878A3D /* TrafficReports.swift in Sources */,
				F64C9A132201E24800878A3D /* Comment.swift in Sources */,
				F64C9A402201E24800878A3D /* Context.swift in Sources */,
				F64C9A8D2201E24800878A3D /* RouteSchedulesAPI.swift in Sources */,
				F64C99FA2201E24800878A3D /* Passage.swift in Sources */,
				F64C9A232201E24800878A3D /* PoiTypes.swift in Sources */,
				F64C9A6C2201E24800878A3D /* Coord.swift in Sources */,
				F64C9A512201E24800878A3D /* Ticket.swift in Sources */,
				F64C9A832201E24800878A3D /* NetworksAPI.swift in Sources */,
				F64C99F72201E24800878A3D /* Extensions.swift in Sources */,
				F64C9A792201E24800878A3D /* LinesAPI.swift in Sources */,
				F656717522045348007A8E6E /* Notifications.swift in Sources */,
				F64C9AA02201E24800878A3D /* APIs.swift in Sources */,
				F64C9A002201E24800878A3D /* CoverageError.swift in Sources */,
				F656716D22045348007A8E6E /* MultipartFormData.swift in Sources */,
				F64C9A272201E24800878A3D /* Contributor.swift in Sources */,
				F64C9A672201E24800878A3D /* RouteSchedule.swift in Sources */,
				F64C9A892201E24800878A3D /* CoordAPI.swift in Sources */,
				F64C9A222201E24800878A3D /* ImpactedSection.swift in Sources */,
				F64C9A1D2201E24800878A3D /* Distances.swift in Sources */,
				F64C9A442201E24800878A3D /* Pagination.swift in Sources */,
				F64C9A5A2201E24800878A3D /* CommercialMode.swift in Sources */,
				F64C9A882201E24800878A3D /* VehicleJourneysAPI.swift in Sources */,
				F64C9A902201E24800878A3D /* RoutesAPI.swift in Sources */,
				F64C9A152201E24800878A3D /* LinkSchema.swift in Sources */,
				F64C9A032201E24800878A3D /* LineGroup.swift in Sources */,
				F64C9A3D2201E24800878A3D /* Stands.swift in Sources */,
				F64C9A172201E24800878A3D /* Places.swift in Sources */,
				F64C9A762201E24800878A3D /* Pois.swift in Sources */,
				F64C9A472201E24800878A3D /* PtObject.swift in Sources */,
				F64C9A5E2201E24800878A3D /* StopArea.swift in Sources */,
				F64C9A242201E24800878A3D /* Coverage.swift in Sources */,
				F64C9A9C2201E24800878A3D /* CompaniesAPI.swift in Sources */,
				F64C9A292201E24800878A3D /* Network.swift in Sources */,
				F64C9A5F2201E24800878A3D /* Row.swift in Sources */,
				F64C9A542201E24800878A3D /* JourneyPatterns.swift in Sources */,
				F64C9A432201E24800878A3D /* Note.swift in Sources */,
				F64C9A2D2201E24800878A3D /* PlacesNearby.swift in Sources */,
				F64C9A5D2201E24800878A3D /* Poi.swift in Sources */,
				F656717222045348007A8E6E /* ParameterEncoding.swift in Sources */,
				F64C9A202201E24800878A3D /* HeatMap1.swift in Sources */,
				F64C9A282201E24800878A3D /* Channel.swift in Sources */,
				F64C9A1E2201E24800878A3D /* Disruptions.swift in Sources */,
				F64C9A8A2201E24800878A3D /* HeatMapAPI.swift in Sources */,
				F64C9A652201E24800878A3D /* PhysicalModes.swift in Sources */,
			);
			runOnlyForDeploymentPostprocessing = 0;
		};
/* End PBXSourcesBuildPhase section */

/* Begin XCBuildConfiguration section */
		04E429E01F73A3BA004B23A3 /* Debug */ = {
			isa = XCBuildConfiguration;
			buildSettings = {
				ALWAYS_SEARCH_USER_PATHS = NO;
				CLANG_ANALYZER_NONNULL = YES;
				CLANG_ANALYZER_NUMBER_OBJECT_CONVERSION = YES_AGGRESSIVE;
				CLANG_CXX_LANGUAGE_STANDARD = "gnu++0x";
				CLANG_CXX_LIBRARY = "libc++";
				CLANG_ENABLE_MODULES = YES;
				CLANG_ENABLE_OBJC_ARC = YES;
				CLANG_WARN_BLOCK_CAPTURE_AUTORELEASING = YES;
				CLANG_WARN_BOOL_CONVERSION = YES;
				CLANG_WARN_COMMA = YES;
				CLANG_WARN_CONSTANT_CONVERSION = YES;
				CLANG_WARN_DEPRECATED_OBJC_IMPLEMENTATIONS = YES;
				CLANG_WARN_DIRECT_OBJC_ISA_USAGE = YES_ERROR;
				CLANG_WARN_DOCUMENTATION_COMMENTS = YES;
				CLANG_WARN_EMPTY_BODY = YES;
				CLANG_WARN_ENUM_CONVERSION = YES;
				CLANG_WARN_INFINITE_RECURSION = YES;
				CLANG_WARN_INT_CONVERSION = YES;
				CLANG_WARN_NON_LITERAL_NULL_CONVERSION = YES;
				CLANG_WARN_OBJC_IMPLICIT_RETAIN_SELF = YES;
				CLANG_WARN_OBJC_LITERAL_CONVERSION = YES;
				CLANG_WARN_OBJC_ROOT_CLASS = YES_ERROR;
				CLANG_WARN_RANGE_LOOP_ANALYSIS = YES;
				CLANG_WARN_STRICT_PROTOTYPES = YES;
				CLANG_WARN_SUSPICIOUS_MOVE = YES;
				CLANG_WARN_UNREACHABLE_CODE = YES;
				CLANG_WARN__DUPLICATE_METHOD_MATCH = YES;
				"CODE_SIGN_IDENTITY[sdk=iphoneos*]" = "iPhone Developer";
				COPY_PHASE_STRIP = NO;
				CURRENT_PROJECT_VERSION = 1;
				DEBUG_INFORMATION_FORMAT = dwarf;
				ENABLE_STRICT_OBJC_MSGSEND = YES;
				ENABLE_TESTABILITY = YES;
				GCC_C_LANGUAGE_STANDARD = gnu99;
				GCC_DYNAMIC_NO_PIC = NO;
				GCC_NO_COMMON_BLOCKS = YES;
				GCC_OPTIMIZATION_LEVEL = 0;
				GCC_PREPROCESSOR_DEFINITIONS = (
					"DEBUG=1",
					"$(inherited)",
				);
				GCC_WARN_64_TO_32_BIT_CONVERSION = YES;
				GCC_WARN_ABOUT_RETURN_TYPE = YES_ERROR;
				GCC_WARN_UNDECLARED_SELECTOR = YES;
				GCC_WARN_UNINITIALIZED_AUTOS = YES_AGGRESSIVE;
				GCC_WARN_UNUSED_FUNCTION = YES;
				GCC_WARN_UNUSED_VARIABLE = YES;
				IPHONEOS_DEPLOYMENT_TARGET = 10.3;
				MTL_ENABLE_DEBUG_INFO = YES;
				ONLY_ACTIVE_ARCH = YES;
				SDKROOT = iphoneos;
				SWIFT_ACTIVE_COMPILATION_CONDITIONS = DEBUG;
				SWIFT_OPTIMIZATION_LEVEL = "-Onone";
				TARGETED_DEVICE_FAMILY = "1,2";
				VERSIONING_SYSTEM = "apple-generic";
				VERSION_INFO_PREFIX = "";
			};
			name = Debug;
		};
		04E429E11F73A3BA004B23A3 /* Release */ = {
			isa = XCBuildConfiguration;
			buildSettings = {
				ALWAYS_SEARCH_USER_PATHS = NO;
				CLANG_ANALYZER_NONNULL = YES;
				CLANG_ANALYZER_NUMBER_OBJECT_CONVERSION = YES_AGGRESSIVE;
				CLANG_CXX_LANGUAGE_STANDARD = "gnu++0x";
				CLANG_CXX_LIBRARY = "libc++";
				CLANG_ENABLE_MODULES = YES;
				CLANG_ENABLE_OBJC_ARC = YES;
				CLANG_WARN_BLOCK_CAPTURE_AUTORELEASING = YES;
				CLANG_WARN_BOOL_CONVERSION = YES;
				CLANG_WARN_COMMA = YES;
				CLANG_WARN_CONSTANT_CONVERSION = YES;
				CLANG_WARN_DEPRECATED_OBJC_IMPLEMENTATIONS = YES;
				CLANG_WARN_DIRECT_OBJC_ISA_USAGE = YES_ERROR;
				CLANG_WARN_DOCUMENTATION_COMMENTS = YES;
				CLANG_WARN_EMPTY_BODY = YES;
				CLANG_WARN_ENUM_CONVERSION = YES;
				CLANG_WARN_INFINITE_RECURSION = YES;
				CLANG_WARN_INT_CONVERSION = YES;
				CLANG_WARN_NON_LITERAL_NULL_CONVERSION = YES;
				CLANG_WARN_OBJC_IMPLICIT_RETAIN_SELF = YES;
				CLANG_WARN_OBJC_LITERAL_CONVERSION = YES;
				CLANG_WARN_OBJC_ROOT_CLASS = YES_ERROR;
				CLANG_WARN_RANGE_LOOP_ANALYSIS = YES;
				CLANG_WARN_STRICT_PROTOTYPES = YES;
				CLANG_WARN_SUSPICIOUS_MOVE = YES;
				CLANG_WARN_UNREACHABLE_CODE = YES;
				CLANG_WARN__DUPLICATE_METHOD_MATCH = YES;
				"CODE_SIGN_IDENTITY[sdk=iphoneos*]" = "iPhone Developer";
				COPY_PHASE_STRIP = NO;
				CURRENT_PROJECT_VERSION = 1;
				DEBUG_INFORMATION_FORMAT = "dwarf-with-dsym";
				ENABLE_NS_ASSERTIONS = NO;
				ENABLE_STRICT_OBJC_MSGSEND = YES;
				GCC_C_LANGUAGE_STANDARD = gnu99;
				GCC_NO_COMMON_BLOCKS = YES;
				GCC_WARN_64_TO_32_BIT_CONVERSION = YES;
				GCC_WARN_ABOUT_RETURN_TYPE = YES_ERROR;
				GCC_WARN_UNDECLARED_SELECTOR = YES;
				GCC_WARN_UNINITIALIZED_AUTOS = YES_AGGRESSIVE;
				GCC_WARN_UNUSED_FUNCTION = YES;
				GCC_WARN_UNUSED_VARIABLE = YES;
				IPHONEOS_DEPLOYMENT_TARGET = 10.3;
				MTL_ENABLE_DEBUG_INFO = NO;
				SDKROOT = iphoneos;
				SWIFT_OPTIMIZATION_LEVEL = "-Owholemodule";
				TARGETED_DEVICE_FAMILY = "1,2";
				VALIDATE_PRODUCT = YES;
				VERSIONING_SYSTEM = "apple-generic";
				VERSION_INFO_PREFIX = "";
			};
			name = Release;
		};
		04E429E31F73A3BA004B23A3 /* Debug */ = {
			isa = XCBuildConfiguration;
			buildSettings = {
				CLANG_ENABLE_MODULES = YES;
				CODE_SIGN_IDENTITY = "";
				DEFINES_MODULE = YES;
				DYLIB_COMPATIBILITY_VERSION = 1;
				DYLIB_CURRENT_VERSION = 1;
				DYLIB_INSTALL_NAME_BASE = "@rpath";
				FRAMEWORK_SEARCH_PATHS = "";
				INFOPLIST_FILE = NavitiaSDK/Info.plist;
				INSTALL_PATH = "$(LOCAL_LIBRARY_DIR)/Frameworks";
				IPHONEOS_DEPLOYMENT_TARGET = 8.0;
				LD_RUNPATH_SEARCH_PATHS = "$(inherited) @executable_path/Frameworks @loader_path/Frameworks";
				PRODUCT_BUNDLE_IDENTIFIER = org.kisio.NavitiaSDK;
				PRODUCT_NAME = "$(TARGET_NAME)";
				SKIP_INSTALL = YES;
				SWIFT_OPTIMIZATION_LEVEL = "-Onone";
				SWIFT_VERSION = 4.2;
			};
			name = Debug;
		};
		04E429E41F73A3BA004B23A3 /* Release */ = {
			isa = XCBuildConfiguration;
			buildSettings = {
				CLANG_ENABLE_MODULES = YES;
				CODE_SIGN_IDENTITY = "";
				DEFINES_MODULE = YES;
				DYLIB_COMPATIBILITY_VERSION = 1;
				DYLIB_CURRENT_VERSION = 1;
				DYLIB_INSTALL_NAME_BASE = "@rpath";
				FRAMEWORK_SEARCH_PATHS = "";
				INFOPLIST_FILE = NavitiaSDK/Info.plist;
				INSTALL_PATH = "$(LOCAL_LIBRARY_DIR)/Frameworks";
				IPHONEOS_DEPLOYMENT_TARGET = 8.0;
				LD_RUNPATH_SEARCH_PATHS = "$(inherited) @executable_path/Frameworks @loader_path/Frameworks";
				PRODUCT_BUNDLE_IDENTIFIER = org.kisio.NavitiaSDK;
				PRODUCT_NAME = "$(TARGET_NAME)";
				SKIP_INSTALL = YES;
				SWIFT_VERSION = 4.2;
			};
			name = Release;
		};
/* End XCBuildConfiguration section */

/* Begin XCConfigurationList section */
		04E429D41F73A3BA004B23A3 /* Build configuration list for PBXProject "NavitiaSDK" */ = {
			isa = XCConfigurationList;
			buildConfigurations = (
				04E429E01F73A3BA004B23A3 /* Debug */,
				04E429E11F73A3BA004B23A3 /* Release */,
			);
			defaultConfigurationIsVisible = 0;
			defaultConfigurationName = Release;
		};
		04E429E21F73A3BA004B23A3 /* Build configuration list for PBXNativeTarget "NavitiaSDK" */ = {
			isa = XCConfigurationList;
			buildConfigurations = (
				04E429E31F73A3BA004B23A3 /* Debug */,
				04E429E41F73A3BA004B23A3 /* Release */,
			);
			defaultConfigurationIsVisible = 0;
			defaultConfigurationName = Release;
		};
/* End XCConfigurationList section */
	};
	rootObject = 04E429D11F73A3BA004B23A3 /* Project object */;
}
